// !$*UTF8*$!
{
	archiveVersion = 1;
	classes = {
	};
	objectVersion = 46;
	objects = {

/* Begin PBXBuildFile section */
		895634E31ACA5DA200CA60E9 /* AppDelegate.swift in Sources */ = {isa = PBXBuildFile; fileRef = 895634E21ACA5DA200CA60E9 /* AppDelegate.swift */; };
		895634EA1ACA5DA300CA60E9 /* Images.xcassets in Resources */ = {isa = PBXBuildFile; fileRef = 895634E91ACA5DA300CA60E9 /* Images.xcassets */; };
		895634ED1ACA5DA300CA60E9 /* LaunchScreen.xib in Resources */ = {isa = PBXBuildFile; fileRef = 895634EB1ACA5DA300CA60E9 /* LaunchScreen.xib */; };
		8956350B1ACA60E100CA60E9 /* Nimble.framework in Frameworks */ = {isa = PBXBuildFile; fileRef = 895635091ACA60E100CA60E9 /* Nimble.framework */; };
		8956350C1ACA60E100CA60E9 /* Quick.framework in Frameworks */ = {isa = PBXBuildFile; fileRef = 8956350A1ACA60E100CA60E9 /* Quick.framework */; };
		8956350E1ACA60F900CA60E9 /* Nimble.framework in Copy Frameworks */ = {isa = PBXBuildFile; fileRef = 895635091ACA60E100CA60E9 /* Nimble.framework */; settings = {ATTRIBUTES = (CodeSignOnCopy, RemoveHeadersOnCopy, ); }; };
		8956350F1ACA60F900CA60E9 /* Quick.framework in Copy Frameworks */ = {isa = PBXBuildFile; fileRef = 8956350A1ACA60E100CA60E9 /* Quick.framework */; settings = {ATTRIBUTES = (CodeSignOnCopy, RemoveHeadersOnCopy, ); }; };
		895635191ACA6EBA00CA60E9 /* Ra.framework in Frameworks */ = {isa = PBXBuildFile; fileRef = 895635181ACA6EBA00CA60E9 /* Ra.framework */; };
		8956351A1ACA6EC800CA60E9 /* Ra.framework in Copy Frameworks */ = {isa = PBXBuildFile; fileRef = 895635181ACA6EBA00CA60E9 /* Ra.framework */; settings = {ATTRIBUTES = (CodeSignOnCopy, RemoveHeadersOnCopy, ); }; };
		895636191ACFA4F600CA60E9 /* HomeViewController.swift in Sources */ = {isa = PBXBuildFile; fileRef = 895636181ACFA4F600CA60E9 /* HomeViewController.swift */; };
		89A5A1BB1B5E165E00FC3FE3 /* ApartKit.h in Headers */ = {isa = PBXBuildFile; fileRef = 89A5A1BA1B5E165E00FC3FE3 /* ApartKit.h */; settings = {ATTRIBUTES = (Public, ); }; };
		89A5A1C21B5E165E00FC3FE3 /* ApartKit.framework in Frameworks */ = {isa = PBXBuildFile; fileRef = 89A5A1B81B5E165E00FC3FE3 /* ApartKit.framework */; };
		89A5A1CD1B5E165E00FC3FE3 /* ApartKit.framework in Frameworks */ = {isa = PBXBuildFile; fileRef = 89A5A1B81B5E165E00FC3FE3 /* ApartKit.framework */; };
		89A5A1CE1B5E165E00FC3FE3 /* ApartKit.framework in Copy Frameworks */ = {isa = PBXBuildFile; fileRef = 89A5A1B81B5E165E00FC3FE3 /* ApartKit.framework */; settings = {ATTRIBUTES = (CodeSignOnCopy, RemoveHeadersOnCopy, ); }; };
		89A5A1D61B5E16A500FC3FE3 /* Nimble.framework in Frameworks */ = {isa = PBXBuildFile; fileRef = 895635091ACA60E100CA60E9 /* Nimble.framework */; };
		89A5A1D71B5E16A500FC3FE3 /* Quick.framework in Frameworks */ = {isa = PBXBuildFile; fileRef = 8956350A1ACA60E100CA60E9 /* Quick.framework */; };
		89A5A1D81B5E16B400FC3FE3 /* Nimble.framework in Embed Frameworks */ = {isa = PBXBuildFile; fileRef = 895635091ACA60E100CA60E9 /* Nimble.framework */; settings = {ATTRIBUTES = (CodeSignOnCopy, RemoveHeadersOnCopy, ); }; };
		89A5A1D91B5E16B400FC3FE3 /* Quick.framework in Embed Frameworks */ = {isa = PBXBuildFile; fileRef = 8956350A1ACA60E100CA60E9 /* Quick.framework */; settings = {ATTRIBUTES = (CodeSignOnCopy, RemoveHeadersOnCopy, ); }; };
		89A5A1DB1B5E16D800FC3FE3 /* FakeURLSession.swift in Sources */ = {isa = PBXBuildFile; fileRef = 89A5A1DA1B5E16D800FC3FE3 /* FakeURLSession.swift */; };
		89A5A1E11B5E18B500FC3FE3 /* UIColor+Apartment.swift in Sources */ = {isa = PBXBuildFile; fileRef = 8956362B1AD0B5D000CA60E9 /* UIColor+Apartment.swift */; };
		89A5A1EE1B5E9BD400FC3FE3 /* Interface.storyboard in Resources */ = {isa = PBXBuildFile; fileRef = 89A5A1EC1B5E9BD400FC3FE3 /* Interface.storyboard */; };
		89A5A1F01B5E9BD400FC3FE3 /* Assets.xcassets in Resources */ = {isa = PBXBuildFile; fileRef = 89A5A1EF1B5E9BD400FC3FE3 /* Assets.xcassets */; };
		89A5A1F71B5E9BD500FC3FE3 /* WatchApp Extension.appex in Embed App Extensions */ = {isa = PBXBuildFile; fileRef = 89A5A1F61B5E9BD500FC3FE3 /* WatchApp Extension.appex */; settings = {ATTRIBUTES = (RemoveHeadersOnCopy, ); }; };
		89A5A1FC1B5E9BD500FC3FE3 /* InterfaceController.swift in Sources */ = {isa = PBXBuildFile; fileRef = 89A5A1FB1B5E9BD500FC3FE3 /* InterfaceController.swift */; };
		89A5A1FE1B5E9BD500FC3FE3 /* ExtensionDelegate.swift in Sources */ = {isa = PBXBuildFile; fileRef = 89A5A1FD1B5E9BD500FC3FE3 /* ExtensionDelegate.swift */; };
		89A5A2001B5E9BD500FC3FE3 /* GlanceController.swift in Sources */ = {isa = PBXBuildFile; fileRef = 89A5A1FF1B5E9BD500FC3FE3 /* GlanceController.swift */; };
		89A5A2021B5E9BD500FC3FE3 /* ComplicationController.swift in Sources */ = {isa = PBXBuildFile; fileRef = 89A5A2011B5E9BD500FC3FE3 /* ComplicationController.swift */; };
		89A5A2041B5E9BD500FC3FE3 /* Assets.xcassets in Resources */ = {isa = PBXBuildFile; fileRef = 89A5A2031B5E9BD500FC3FE3 /* Assets.xcassets */; };
		89A5A2081B5E9BD500FC3FE3 /* WatchApp.app in Embed Watch Content */ = {isa = PBXBuildFile; fileRef = 89A5A1EA1B5E9BD400FC3FE3 /* WatchApp.app */; };
		89A5A21E1B5EE08200FC3FE3 /* ApartWatchKit.h in Headers */ = {isa = PBXBuildFile; fileRef = 89A5A21D1B5EE08200FC3FE3 /* ApartWatchKit.h */; settings = {ATTRIBUTES = (Public, ); }; };
		89A5A2231B5EE09300FC3FE3 /* UIColor+Apartment.swift in Sources */ = {isa = PBXBuildFile; fileRef = 8956362B1AD0B5D000CA60E9 /* UIColor+Apartment.swift */; };
		89A5A2281B5EE0AE00FC3FE3 /* ApartWatchKit.framework in Frameworks */ = {isa = PBXBuildFile; fileRef = 89A5A21B1B5EE08200FC3FE3 /* ApartWatchKit.framework */; };
		89A5A2291B5EE0B800FC3FE3 /* ApartWatchKit.framework in Embed Frameworks */ = {isa = PBXBuildFile; fileRef = 89A5A21B1B5EE08200FC3FE3 /* ApartWatchKit.framework */; settings = {ATTRIBUTES = (CodeSignOnCopy, RemoveHeadersOnCopy, ); }; };
		89A5A22F1B5F332A00FC3FE3 /* (null) in Sources */ = {isa = PBXBuildFile; };
		89B1C7021BB9CA3700BF0870 /* HomeAssistantService.swift in Sources */ = {isa = PBXBuildFile; fileRef = 89B1C7011BB9CA3700BF0870 /* HomeAssistantService.swift */; };
		89B1C7031BB9CA3700BF0870 /* HomeAssistantService.swift in Sources */ = {isa = PBXBuildFile; fileRef = 89B1C7011BB9CA3700BF0870 /* HomeAssistantService.swift */; };
		89B1C7071BB9EB4100BF0870 /* State.swift in Sources */ = {isa = PBXBuildFile; fileRef = 89B1C7061BB9EB4100BF0870 /* State.swift */; };
		89B1C7081BB9EB4100BF0870 /* State.swift in Sources */ = {isa = PBXBuildFile; fileRef = 89B1C7061BB9EB4100BF0870 /* State.swift */; };
		89B1C70A1BBA04EB00BF0870 /* Event.swift in Sources */ = {isa = PBXBuildFile; fileRef = 89B1C7091BBA04EB00BF0870 /* Event.swift */; };
		89B1C70B1BBA04EB00BF0870 /* Event.swift in Sources */ = {isa = PBXBuildFile; fileRef = 89B1C7091BBA04EB00BF0870 /* Event.swift */; };
		89B1C70D1BBA0B5D00BF0870 /* Service.swift in Sources */ = {isa = PBXBuildFile; fileRef = 89B1C70C1BBA0B5D00BF0870 /* Service.swift */; };
		89B1C70E1BBA0B5D00BF0870 /* Service.swift in Sources */ = {isa = PBXBuildFile; fileRef = 89B1C70C1BBA0B5D00BF0870 /* Service.swift */; };
		89B1C7171BBB38DC00BF0870 /* HomeAssistantRepository.swift in Sources */ = {isa = PBXBuildFile; fileRef = 89B1C7161BBB38DC00BF0870 /* HomeAssistantRepository.swift */; };
		89B1C7181BBB38DC00BF0870 /* HomeAssistantRepository.swift in Sources */ = {isa = PBXBuildFile; fileRef = 89B1C7161BBB38DC00BF0870 /* HomeAssistantRepository.swift */; };
		89B1C71C1BBC5CC700BF0870 /* SwitchTableViewCell.swift in Sources */ = {isa = PBXBuildFile; fileRef = 89B1C71B1BBC5CC700BF0870 /* SwitchTableViewCell.swift */; };
		89E0087F1AD7902E001A54D5 /* ColorPicker.swift in Sources */ = {isa = PBXBuildFile; fileRef = 89E0087E1AD7902E001A54D5 /* ColorPicker.swift */; };
		AE2BC2AD1C6285DE00524B6E /* FakeOperationQueue.swift in Sources */ = {isa = PBXBuildFile; fileRef = 892151FD1B8E59EF00CBF7E4 /* FakeOperationQueue.swift */; };
		AE2BC2AE1C62860F00524B6E /* FakeHomeAssistantService.swift in Sources */ = {isa = PBXBuildFile; fileRef = 89B1C7111BBB16CC00BF0870 /* FakeHomeAssistantService.swift */; };
		AE2BC2B01C62861300524B6E /* FakeTouch.swift in Sources */ = {isa = PBXBuildFile; fileRef = 89E008851AD977EC001A54D5 /* FakeTouch.swift */; };
		AE2BC2B11C62861600524B6E /* AppDelegateSpec.swift in Sources */ = {isa = PBXBuildFile; fileRef = 895635101ACA627A00CA60E9 /* AppDelegateSpec.swift */; };
		AE2BC2B21C62861C00524B6E /* HomeViewControllerSpec.swift in Sources */ = {isa = PBXBuildFile; fileRef = 895636151ACFA02E00CA60E9 /* HomeViewControllerSpec.swift */; };
		AE2BC2B31C62862100524B6E /* ColorPickerSpec.swift in Sources */ = {isa = PBXBuildFile; fileRef = 89E008821AD975A3001A54D5 /* ColorPickerSpec.swift */; };
		AE2BC2B41C62863400524B6E /* HomeAssistantServiceSpec.swift in Sources */ = {isa = PBXBuildFile; fileRef = 89B1C7041BB9CA9300BF0870 /* HomeAssistantServiceSpec.swift */; };
		AE7BF7581C62872000B87382 /* PureLayout.framework in Frameworks */ = {isa = PBXBuildFile; fileRef = AE7BF7571C62871500B87382 /* PureLayout.framework */; };
		AE7BF7591C62872400B87382 /* PureLayout.framework in Copy Frameworks */ = {isa = PBXBuildFile; fileRef = AE7BF7571C62871500B87382 /* PureLayout.framework */; settings = {ATTRIBUTES = (CodeSignOnCopy, RemoveHeadersOnCopy, ); }; };
		AE7BF75A1C62872D00B87382 /* PureLayout.framework in Copy Frameworks */ = {isa = PBXBuildFile; fileRef = AE7BF7571C62871500B87382 /* PureLayout.framework */; settings = {ATTRIBUTES = (CodeSignOnCopy, RemoveHeadersOnCopy, ); }; };
		AE7BF75C1C62884E00B87382 /* UIKit_PivotalSpecHelperStubs.framework in Frameworks */ = {isa = PBXBuildFile; fileRef = AE7BF75B1C62884E00B87382 /* UIKit_PivotalSpecHelperStubs.framework */; };
		AE7BF75D1C62885700B87382 /* UIKit_PivotalSpecHelperStubs.framework in Copy Frameworks */ = {isa = PBXBuildFile; fileRef = AE7BF75B1C62884E00B87382 /* UIKit_PivotalSpecHelperStubs.framework */; settings = {ATTRIBUTES = (CodeSignOnCopy, RemoveHeadersOnCopy, ); }; };
		AE7BF75F1C628B4200B87382 /* FakeHomeRepository.swift in Sources */ = {isa = PBXBuildFile; fileRef = AE7BF75E1C628B4200B87382 /* FakeHomeRepository.swift */; };
		AE7BF7601C62947F00B87382 /* HomeAssistantRepositorySpec.swift in Sources */ = {isa = PBXBuildFile; fileRef = 89B1C71D1BBC6CC700BF0870 /* HomeAssistantRepositorySpec.swift */; };
		AE8595631C62B4AC00706602 /* ApartWatchKitModule.swift in Sources */ = {isa = PBXBuildFile; fileRef = AE8595621C62B4AC00706602 /* ApartWatchKitModule.swift */; };
		AED985461C62AD1F00A20780 /* ApartKitModule.swift in Sources */ = {isa = PBXBuildFile; fileRef = AED985451C62AD1F00A20780 /* ApartKitModule.swift */; };
		AED9854B1C62B20900A20780 /* Ra.framework in Frameworks */ = {isa = PBXBuildFile; fileRef = 895635181ACA6EBA00CA60E9 /* Ra.framework */; };
		AED9854C1C62B21200A20780 /* Ra.framework in Embed Frameworks */ = {isa = PBXBuildFile; fileRef = 895635181ACA6EBA00CA60E9 /* Ra.framework */; settings = {ATTRIBUTES = (CodeSignOnCopy, RemoveHeadersOnCopy, ); }; };
/* End PBXBuildFile section */

/* Begin PBXContainerItemProxy section */
		895634F31ACA5DA300CA60E9 /* PBXContainerItemProxy */ = {
			isa = PBXContainerItemProxy;
			containerPortal = 895634D51ACA5DA100CA60E9 /* Project object */;
			proxyType = 1;
			remoteGlobalIDString = 895634DC1ACA5DA200CA60E9;
			remoteInfo = Apartment;
		};
		89A5A1C31B5E165E00FC3FE3 /* PBXContainerItemProxy */ = {
			isa = PBXContainerItemProxy;
			containerPortal = 895634D51ACA5DA100CA60E9 /* Project object */;
			proxyType = 1;
			remoteGlobalIDString = 89A5A1B71B5E165E00FC3FE3;
			remoteInfo = ApartKit;
		};
		89A5A1CB1B5E165E00FC3FE3 /* PBXContainerItemProxy */ = {
			isa = PBXContainerItemProxy;
			containerPortal = 895634D51ACA5DA100CA60E9 /* Project object */;
			proxyType = 1;
			remoteGlobalIDString = 89A5A1B71B5E165E00FC3FE3;
			remoteInfo = ApartKit;
		};
		89A5A1F81B5E9BD500FC3FE3 /* PBXContainerItemProxy */ = {
			isa = PBXContainerItemProxy;
			containerPortal = 895634D51ACA5DA100CA60E9 /* Project object */;
			proxyType = 1;
			remoteGlobalIDString = 89A5A1F51B5E9BD500FC3FE3;
			remoteInfo = "WatchApp Extension";
		};
		89A5A2061B5E9BD500FC3FE3 /* PBXContainerItemProxy */ = {
			isa = PBXContainerItemProxy;
			containerPortal = 895634D51ACA5DA100CA60E9 /* Project object */;
			proxyType = 1;
			remoteGlobalIDString = 89A5A1E91B5E9BD400FC3FE3;
			remoteInfo = WatchApp;
		};
		89A5A2261B5EE0A300FC3FE3 /* PBXContainerItemProxy */ = {
			isa = PBXContainerItemProxy;
			containerPortal = 895634D51ACA5DA100CA60E9 /* Project object */;
			proxyType = 1;
			remoteGlobalIDString = 89A5A21A1B5EE08200FC3FE3;
			remoteInfo = ApartWatchKit;
		};
/* End PBXContainerItemProxy section */

/* Begin PBXCopyFilesBuildPhase section */
		895635061ACA60C800CA60E9 /* Copy Frameworks */ = {
			isa = PBXCopyFilesBuildPhase;
			buildActionMask = 2147483647;
			dstPath = "";
			dstSubfolderSpec = 10;
			files = (
				89A5A1CE1B5E165E00FC3FE3 /* ApartKit.framework in Copy Frameworks */,
				8956351A1ACA6EC800CA60E9 /* Ra.framework in Copy Frameworks */,
				AE7BF7591C62872400B87382 /* PureLayout.framework in Copy Frameworks */,
			);
			name = "Copy Frameworks";
			runOnlyForDeploymentPostprocessing = 0;
		};
		8956350D1ACA60ED00CA60E9 /* Copy Frameworks */ = {
			isa = PBXCopyFilesBuildPhase;
			buildActionMask = 2147483647;
			dstPath = "";
			dstSubfolderSpec = 10;
			files = (
				8956350E1ACA60F900CA60E9 /* Nimble.framework in Copy Frameworks */,
				8956350F1ACA60F900CA60E9 /* Quick.framework in Copy Frameworks */,
				AE7BF75A1C62872D00B87382 /* PureLayout.framework in Copy Frameworks */,
				AE7BF75D1C62885700B87382 /* UIKit_PivotalSpecHelperStubs.framework in Copy Frameworks */,
			);
			name = "Copy Frameworks";
			runOnlyForDeploymentPostprocessing = 0;
		};
		89A5A1D51B5E168800FC3FE3 /* Embed Frameworks */ = {
			isa = PBXCopyFilesBuildPhase;
			buildActionMask = 2147483647;
			dstPath = "";
			dstSubfolderSpec = 10;
			files = (
				89A5A1D81B5E16B400FC3FE3 /* Nimble.framework in Embed Frameworks */,
				89A5A1D91B5E16B400FC3FE3 /* Quick.framework in Embed Frameworks */,
				AED9854C1C62B21200A20780 /* Ra.framework in Embed Frameworks */,
			);
			name = "Embed Frameworks";
			runOnlyForDeploymentPostprocessing = 0;
		};
		89A5A20C1B5E9BD500FC3FE3 /* Embed App Extensions */ = {
			isa = PBXCopyFilesBuildPhase;
			buildActionMask = 2147483647;
			dstPath = "";
			dstSubfolderSpec = 13;
			files = (
				89A5A1F71B5E9BD500FC3FE3 /* WatchApp Extension.appex in Embed App Extensions */,
			);
			name = "Embed App Extensions";
			runOnlyForDeploymentPostprocessing = 0;
		};
		89A5A2101B5E9BD500FC3FE3 /* Embed Watch Content */ = {
			isa = PBXCopyFilesBuildPhase;
			buildActionMask = 2147483647;
			dstPath = "$(CONTENTS_FOLDER_PATH)/Watch";
			dstSubfolderSpec = 16;
			files = (
				89A5A2081B5E9BD500FC3FE3 /* WatchApp.app in Embed Watch Content */,
			);
			name = "Embed Watch Content";
			runOnlyForDeploymentPostprocessing = 0;
		};
		89A5A2141B5E9C1A00FC3FE3 /* Embed Frameworks */ = {
			isa = PBXCopyFilesBuildPhase;
			buildActionMask = 2147483647;
			dstPath = "";
			dstSubfolderSpec = 10;
			files = (
				89A5A2291B5EE0B800FC3FE3 /* ApartWatchKit.framework in Embed Frameworks */,
			);
			name = "Embed Frameworks";
			runOnlyForDeploymentPostprocessing = 0;
		};
/* End PBXCopyFilesBuildPhase section */

/* Begin PBXFileReference section */
		892151FD1B8E59EF00CBF7E4 /* FakeOperationQueue.swift */ = {isa = PBXFileReference; fileEncoding = 4; lastKnownFileType = sourcecode.swift; path = FakeOperationQueue.swift; sourceTree = "<group>"; };
		895634DD1ACA5DA200CA60E9 /* Apartment.app */ = {isa = PBXFileReference; explicitFileType = wrapper.application; includeInIndex = 0; path = Apartment.app; sourceTree = BUILT_PRODUCTS_DIR; };
		895634E11ACA5DA200CA60E9 /* Info.plist */ = {isa = PBXFileReference; lastKnownFileType = text.plist.xml; path = Info.plist; sourceTree = "<group>"; };
		895634E21ACA5DA200CA60E9 /* AppDelegate.swift */ = {isa = PBXFileReference; lastKnownFileType = sourcecode.swift; path = AppDelegate.swift; sourceTree = "<group>"; };
		895634E91ACA5DA300CA60E9 /* Images.xcassets */ = {isa = PBXFileReference; lastKnownFileType = folder.assetcatalog; path = Images.xcassets; sourceTree = "<group>"; };
		895634EC1ACA5DA300CA60E9 /* Base */ = {isa = PBXFileReference; lastKnownFileType = file.xib; name = Base; path = Base.lproj/LaunchScreen.xib; sourceTree = "<group>"; };
		895634F21ACA5DA300CA60E9 /* ApartmentTests.xctest */ = {isa = PBXFileReference; explicitFileType = wrapper.cfbundle; includeInIndex = 0; path = ApartmentTests.xctest; sourceTree = BUILT_PRODUCTS_DIR; };
		895634F71ACA5DA300CA60E9 /* Info.plist */ = {isa = PBXFileReference; lastKnownFileType = text.plist.xml; path = Info.plist; sourceTree = "<group>"; };
		895635091ACA60E100CA60E9 /* Nimble.framework */ = {isa = PBXFileReference; lastKnownFileType = wrapper.framework; name = Nimble.framework; path = Carthage/Build/iOS/Nimble.framework; sourceTree = SOURCE_ROOT; };
		8956350A1ACA60E100CA60E9 /* Quick.framework */ = {isa = PBXFileReference; lastKnownFileType = wrapper.framework; name = Quick.framework; path = Carthage/Build/iOS/Quick.framework; sourceTree = SOURCE_ROOT; };
		895635101ACA627A00CA60E9 /* AppDelegateSpec.swift */ = {isa = PBXFileReference; fileEncoding = 4; lastKnownFileType = sourcecode.swift; path = AppDelegateSpec.swift; sourceTree = "<group>"; };
		895635181ACA6EBA00CA60E9 /* Ra.framework */ = {isa = PBXFileReference; lastKnownFileType = wrapper.framework; name = Ra.framework; path = Carthage/Build/iOS/Ra.framework; sourceTree = SOURCE_ROOT; };
		895636151ACFA02E00CA60E9 /* HomeViewControllerSpec.swift */ = {isa = PBXFileReference; fileEncoding = 4; lastKnownFileType = sourcecode.swift; path = HomeViewControllerSpec.swift; sourceTree = "<group>"; };
		895636181ACFA4F600CA60E9 /* HomeViewController.swift */ = {isa = PBXFileReference; fileEncoding = 4; lastKnownFileType = sourcecode.swift; path = HomeViewController.swift; sourceTree = "<group>"; };
		8956362B1AD0B5D000CA60E9 /* UIColor+Apartment.swift */ = {isa = PBXFileReference; fileEncoding = 4; lastKnownFileType = sourcecode.swift; name = "UIColor+Apartment.swift"; path = "../Apartment/UIColor+Apartment.swift"; sourceTree = "<group>"; };
		89A5A1B81B5E165E00FC3FE3 /* ApartKit.framework */ = {isa = PBXFileReference; explicitFileType = wrapper.framework; includeInIndex = 0; path = ApartKit.framework; sourceTree = BUILT_PRODUCTS_DIR; };
		89A5A1BA1B5E165E00FC3FE3 /* ApartKit.h */ = {isa = PBXFileReference; lastKnownFileType = sourcecode.c.h; path = ApartKit.h; sourceTree = "<group>"; };
		89A5A1BC1B5E165E00FC3FE3 /* Info.plist */ = {isa = PBXFileReference; lastKnownFileType = text.plist.xml; path = Info.plist; sourceTree = "<group>"; };
		89A5A1C11B5E165E00FC3FE3 /* ApartKitTests.xctest */ = {isa = PBXFileReference; explicitFileType = wrapper.cfbundle; includeInIndex = 0; path = ApartKitTests.xctest; sourceTree = BUILT_PRODUCTS_DIR; };
		89A5A1CA1B5E165E00FC3FE3 /* Info.plist */ = {isa = PBXFileReference; lastKnownFileType = text.plist.xml; path = Info.plist; sourceTree = "<group>"; };
		89A5A1DA1B5E16D800FC3FE3 /* FakeURLSession.swift */ = {isa = PBXFileReference; fileEncoding = 4; lastKnownFileType = sourcecode.swift; path = FakeURLSession.swift; sourceTree = "<group>"; };
		89A5A1EA1B5E9BD400FC3FE3 /* WatchApp.app */ = {isa = PBXFileReference; explicitFileType = wrapper.application; includeInIndex = 0; path = WatchApp.app; sourceTree = BUILT_PRODUCTS_DIR; };
		89A5A1ED1B5E9BD400FC3FE3 /* Base */ = {isa = PBXFileReference; lastKnownFileType = file.storyboard; name = Base; path = Base.lproj/Interface.storyboard; sourceTree = "<group>"; };
		89A5A1EF1B5E9BD400FC3FE3 /* Assets.xcassets */ = {isa = PBXFileReference; lastKnownFileType = folder.assetcatalog; path = Assets.xcassets; sourceTree = "<group>"; };
		89A5A1F11B5E9BD400FC3FE3 /* Info.plist */ = {isa = PBXFileReference; lastKnownFileType = text.plist.xml; path = Info.plist; sourceTree = "<group>"; };
		89A5A1F61B5E9BD500FC3FE3 /* WatchApp Extension.appex */ = {isa = PBXFileReference; explicitFileType = "wrapper.app-extension"; includeInIndex = 0; path = "WatchApp Extension.appex"; sourceTree = BUILT_PRODUCTS_DIR; };
		89A5A1FB1B5E9BD500FC3FE3 /* InterfaceController.swift */ = {isa = PBXFileReference; lastKnownFileType = sourcecode.swift; path = InterfaceController.swift; sourceTree = "<group>"; };
		89A5A1FD1B5E9BD500FC3FE3 /* ExtensionDelegate.swift */ = {isa = PBXFileReference; lastKnownFileType = sourcecode.swift; path = ExtensionDelegate.swift; sourceTree = "<group>"; };
		89A5A1FF1B5E9BD500FC3FE3 /* GlanceController.swift */ = {isa = PBXFileReference; lastKnownFileType = sourcecode.swift; path = GlanceController.swift; sourceTree = "<group>"; };
		89A5A2011B5E9BD500FC3FE3 /* ComplicationController.swift */ = {isa = PBXFileReference; lastKnownFileType = sourcecode.swift; path = ComplicationController.swift; sourceTree = "<group>"; };
		89A5A2031B5E9BD500FC3FE3 /* Assets.xcassets */ = {isa = PBXFileReference; lastKnownFileType = folder.assetcatalog; path = Assets.xcassets; sourceTree = "<group>"; };
		89A5A2051B5E9BD500FC3FE3 /* Info.plist */ = {isa = PBXFileReference; lastKnownFileType = text.plist.xml; path = Info.plist; sourceTree = "<group>"; };
		89A5A21B1B5EE08200FC3FE3 /* ApartWatchKit.framework */ = {isa = PBXFileReference; explicitFileType = wrapper.framework; includeInIndex = 0; path = ApartWatchKit.framework; sourceTree = BUILT_PRODUCTS_DIR; };
		89A5A21D1B5EE08200FC3FE3 /* ApartWatchKit.h */ = {isa = PBXFileReference; lastKnownFileType = sourcecode.c.h; path = ApartWatchKit.h; sourceTree = "<group>"; };
		89A5A21F1B5EE08200FC3FE3 /* Info.plist */ = {isa = PBXFileReference; lastKnownFileType = text.plist.xml; path = Info.plist; sourceTree = "<group>"; };
		89B1C7011BB9CA3700BF0870 /* HomeAssistantService.swift */ = {isa = PBXFileReference; fileEncoding = 4; lastKnownFileType = sourcecode.swift; path = HomeAssistantService.swift; sourceTree = "<group>"; };
		89B1C7041BB9CA9300BF0870 /* HomeAssistantServiceSpec.swift */ = {isa = PBXFileReference; fileEncoding = 4; lastKnownFileType = sourcecode.swift; path = HomeAssistantServiceSpec.swift; sourceTree = "<group>"; };
		89B1C7061BB9EB4100BF0870 /* State.swift */ = {isa = PBXFileReference; fileEncoding = 4; lastKnownFileType = sourcecode.swift; path = State.swift; sourceTree = "<group>"; };
		89B1C7091BBA04EB00BF0870 /* Event.swift */ = {isa = PBXFileReference; fileEncoding = 4; lastKnownFileType = sourcecode.swift; path = Event.swift; sourceTree = "<group>"; };
		89B1C70C1BBA0B5D00BF0870 /* Service.swift */ = {isa = PBXFileReference; fileEncoding = 4; lastKnownFileType = sourcecode.swift; path = Service.swift; sourceTree = "<group>"; };
		89B1C7111BBB16CC00BF0870 /* FakeHomeAssistantService.swift */ = {isa = PBXFileReference; fileEncoding = 4; lastKnownFileType = sourcecode.swift; name = FakeHomeAssistantService.swift; path = ../ApartmentTests/FakeHomeAssistantService.swift; sourceTree = "<group>"; };
		89B1C7131BBB1BB600BF0870 /* ApartmentTests-Bridging-Header.h */ = {isa = PBXFileReference; lastKnownFileType = sourcecode.c.h; path = "ApartmentTests-Bridging-Header.h"; sourceTree = "<group>"; };
		89B1C7161BBB38DC00BF0870 /* HomeAssistantRepository.swift */ = {isa = PBXFileReference; fileEncoding = 4; lastKnownFileType = sourcecode.swift; path = HomeAssistantRepository.swift; sourceTree = "<group>"; };
		89B1C71B1BBC5CC700BF0870 /* SwitchTableViewCell.swift */ = {isa = PBXFileReference; fileEncoding = 4; lastKnownFileType = sourcecode.swift; path = SwitchTableViewCell.swift; sourceTree = "<group>"; };
		89B1C71D1BBC6CC700BF0870 /* HomeAssistantRepositorySpec.swift */ = {isa = PBXFileReference; fileEncoding = 4; lastKnownFileType = sourcecode.swift; path = HomeAssistantRepositorySpec.swift; sourceTree = "<group>"; };
		89E0087E1AD7902E001A54D5 /* ColorPicker.swift */ = {isa = PBXFileReference; fileEncoding = 4; lastKnownFileType = sourcecode.swift; path = ColorPicker.swift; sourceTree = "<group>"; };
		89E008821AD975A3001A54D5 /* ColorPickerSpec.swift */ = {isa = PBXFileReference; fileEncoding = 4; lastKnownFileType = sourcecode.swift; path = ColorPickerSpec.swift; sourceTree = "<group>"; };
		89E008851AD977EC001A54D5 /* FakeTouch.swift */ = {isa = PBXFileReference; fileEncoding = 4; lastKnownFileType = sourcecode.swift; path = FakeTouch.swift; sourceTree = "<group>"; };
		AE7BF7571C62871500B87382 /* PureLayout.framework */ = {isa = PBXFileReference; lastKnownFileType = wrapper.framework; name = PureLayout.framework; path = ../Carthage/Build/iOS/PureLayout.framework; sourceTree = "<group>"; };
		AE7BF75B1C62884E00B87382 /* UIKit_PivotalSpecHelperStubs.framework */ = {isa = PBXFileReference; lastKnownFileType = wrapper.framework; name = UIKit_PivotalSpecHelperStubs.framework; path = ../Carthage/Build/iOS/UIKit_PivotalSpecHelperStubs.framework; sourceTree = "<group>"; };
		AE7BF75E1C628B4200B87382 /* FakeHomeRepository.swift */ = {isa = PBXFileReference; fileEncoding = 4; lastKnownFileType = sourcecode.swift; path = FakeHomeRepository.swift; sourceTree = "<group>"; };
		AE8595621C62B4AC00706602 /* ApartWatchKitModule.swift */ = {isa = PBXFileReference; fileEncoding = 4; lastKnownFileType = sourcecode.swift; path = ApartWatchKitModule.swift; sourceTree = "<group>"; };
		AED985451C62AD1F00A20780 /* ApartKitModule.swift */ = {isa = PBXFileReference; fileEncoding = 4; lastKnownFileType = sourcecode.swift; path = ApartKitModule.swift; sourceTree = "<group>"; };
/* End PBXFileReference section */

/* Begin PBXFrameworksBuildPhase section */
		895634DA1ACA5DA200CA60E9 /* Frameworks */ = {
			isa = PBXFrameworksBuildPhase;
			buildActionMask = 2147483647;
			files = (
				89A5A1CD1B5E165E00FC3FE3 /* ApartKit.framework in Frameworks */,
				895635191ACA6EBA00CA60E9 /* Ra.framework in Frameworks */,
				AE7BF7581C62872000B87382 /* PureLayout.framework in Frameworks */,
			);
			runOnlyForDeploymentPostprocessing = 0;
		};
		895634EF1ACA5DA300CA60E9 /* Frameworks */ = {
			isa = PBXFrameworksBuildPhase;
			buildActionMask = 2147483647;
			files = (
				8956350C1ACA60E100CA60E9 /* Quick.framework in Frameworks */,
				8956350B1ACA60E100CA60E9 /* Nimble.framework in Frameworks */,
				AE7BF75C1C62884E00B87382 /* UIKit_PivotalSpecHelperStubs.framework in Frameworks */,
			);
			runOnlyForDeploymentPostprocessing = 0;
		};
		89A5A1B41B5E165E00FC3FE3 /* Frameworks */ = {
			isa = PBXFrameworksBuildPhase;
			buildActionMask = 2147483647;
			files = (
				AED9854B1C62B20900A20780 /* Ra.framework in Frameworks */,
			);
			runOnlyForDeploymentPostprocessing = 0;
		};
		89A5A1BE1B5E165E00FC3FE3 /* Frameworks */ = {
			isa = PBXFrameworksBuildPhase;
			buildActionMask = 2147483647;
			files = (
				89A5A1D61B5E16A500FC3FE3 /* Nimble.framework in Frameworks */,
				89A5A1D71B5E16A500FC3FE3 /* Quick.framework in Frameworks */,
				89A5A1C21B5E165E00FC3FE3 /* ApartKit.framework in Frameworks */,
			);
			runOnlyForDeploymentPostprocessing = 0;
		};
		89A5A1F31B5E9BD500FC3FE3 /* Frameworks */ = {
			isa = PBXFrameworksBuildPhase;
			buildActionMask = 2147483647;
			files = (
				89A5A2281B5EE0AE00FC3FE3 /* ApartWatchKit.framework in Frameworks */,
			);
			runOnlyForDeploymentPostprocessing = 0;
		};
		89A5A2171B5EE08200FC3FE3 /* Frameworks */ = {
			isa = PBXFrameworksBuildPhase;
			buildActionMask = 2147483647;
			files = (
			);
			runOnlyForDeploymentPostprocessing = 0;
		};
/* End PBXFrameworksBuildPhase section */

/* Begin PBXGroup section */
		895634D41ACA5DA100CA60E9 = {
			isa = PBXGroup;
			children = (
				895634DF1ACA5DA200CA60E9 /* Apartment */,
				895634F51ACA5DA300CA60E9 /* ApartmentTests */,
				89A5A1B91B5E165E00FC3FE3 /* ApartKit */,
				89A5A1C71B5E165E00FC3FE3 /* ApartKitTests */,
				89A5A1EB1B5E9BD400FC3FE3 /* WatchApp */,
				89A5A1FA1B5E9BD500FC3FE3 /* WatchApp Extension */,
				89A5A21C1B5EE08200FC3FE3 /* ApartWatchKit */,
				895634DE1ACA5DA200CA60E9 /* Products */,
			);
			sourceTree = "<group>";
		};
		895634DE1ACA5DA200CA60E9 /* Products */ = {
			isa = PBXGroup;
			children = (
				895634DD1ACA5DA200CA60E9 /* Apartment.app */,
				895634F21ACA5DA300CA60E9 /* ApartmentTests.xctest */,
				89A5A1B81B5E165E00FC3FE3 /* ApartKit.framework */,
				89A5A1C11B5E165E00FC3FE3 /* ApartKitTests.xctest */,
				89A5A1EA1B5E9BD400FC3FE3 /* WatchApp.app */,
				89A5A1F61B5E9BD500FC3FE3 /* WatchApp Extension.appex */,
				89A5A21B1B5EE08200FC3FE3 /* ApartWatchKit.framework */,
			);
			name = Products;
			sourceTree = "<group>";
		};
		895634DF1ACA5DA200CA60E9 /* Apartment */ = {
			isa = PBXGroup;
			children = (
				895634E21ACA5DA200CA60E9 /* AppDelegate.swift */,
				8956351B1ACA6ED500CA60E9 /* Features */,
				89E008811AD8E4BC001A54D5 /* Views */,
				895634E91ACA5DA300CA60E9 /* Images.xcassets */,
				895634EB1ACA5DA300CA60E9 /* LaunchScreen.xib */,
				AE7BF7571C62871500B87382 /* PureLayout.framework */,
				895635181ACA6EBA00CA60E9 /* Ra.framework */,
				895634E01ACA5DA200CA60E9 /* Supporting Files */,
			);
			path = Apartment;
			sourceTree = "<group>";
		};
		895634E01ACA5DA200CA60E9 /* Supporting Files */ = {
			isa = PBXGroup;
			children = (
				895634E11ACA5DA200CA60E9 /* Info.plist */,
			);
			name = "Supporting Files";
			sourceTree = "<group>";
		};
		895634F51ACA5DA300CA60E9 /* ApartmentTests */ = {
			isa = PBXGroup;
			children = (
				895635101ACA627A00CA60E9 /* AppDelegateSpec.swift */,
				89E008851AD977EC001A54D5 /* FakeTouch.swift */,
				AE7BF75E1C628B4200B87382 /* FakeHomeRepository.swift */,
				895636171ACFA03600CA60E9 /* Features */,
				89E008841AD975A6001A54D5 /* Views */,
				AE7BF75B1C62884E00B87382 /* UIKit_PivotalSpecHelperStubs.framework */,
				895635091ACA60E100CA60E9 /* Nimble.framework */,
				8956350A1ACA60E100CA60E9 /* Quick.framework */,
				895634F61ACA5DA300CA60E9 /* Supporting Files */,
				89B1C7131BBB1BB600BF0870 /* ApartmentTests-Bridging-Header.h */,
			);
			path = ApartmentTests;
			sourceTree = "<group>";
		};
		895634F61ACA5DA300CA60E9 /* Supporting Files */ = {
			isa = PBXGroup;
			children = (
				895634F71ACA5DA300CA60E9 /* Info.plist */,
			);
			name = "Supporting Files";
			sourceTree = "<group>";
		};
		8956351B1ACA6ED500CA60E9 /* Features */ = {
			isa = PBXGroup;
			children = (
				895636351AD0FB8F00CA60E9 /* Home Screen */,
			);
			name = Features;
			sourceTree = "<group>";
		};
		895636171ACFA03600CA60E9 /* Features */ = {
			isa = PBXGroup;
			children = (
				895636361AD0FBA300CA60E9 /* Home Screen */,
			);
			name = Features;
			sourceTree = "<group>";
		};
		895636351AD0FB8F00CA60E9 /* Home Screen */ = {
			isa = PBXGroup;
			children = (
				895636181ACFA4F600CA60E9 /* HomeViewController.swift */,
				89B1C71B1BBC5CC700BF0870 /* SwitchTableViewCell.swift */,
			);
			name = "Home Screen";
			sourceTree = "<group>";
		};
		895636361AD0FBA300CA60E9 /* Home Screen */ = {
			isa = PBXGroup;
			children = (
				895636151ACFA02E00CA60E9 /* HomeViewControllerSpec.swift */,
			);
			name = "Home Screen";
			sourceTree = "<group>";
		};
		89A5A1B91B5E165E00FC3FE3 /* ApartKit */ = {
			isa = PBXGroup;
			children = (
				8956362B1AD0B5D000CA60E9 /* UIColor+Apartment.swift */,
				AED985451C62AD1F00A20780 /* ApartKitModule.swift */,
				89B1C7011BB9CA3700BF0870 /* HomeAssistantService.swift */,
				89B1C7161BBB38DC00BF0870 /* HomeAssistantRepository.swift */,
				89B1C7061BB9EB4100BF0870 /* State.swift */,
				89B1C7091BBA04EB00BF0870 /* Event.swift */,
				89B1C70C1BBA0B5D00BF0870 /* Service.swift */,
				89A5A1BA1B5E165E00FC3FE3 /* ApartKit.h */,
				89A5A1BC1B5E165E00FC3FE3 /* Info.plist */,
			);
			path = ApartKit;
			sourceTree = "<group>";
		};
		89A5A1C71B5E165E00FC3FE3 /* ApartKitTests */ = {
			isa = PBXGroup;
			children = (
				89B1C7041BB9CA9300BF0870 /* HomeAssistantServiceSpec.swift */,
				89B1C71D1BBC6CC700BF0870 /* HomeAssistantRepositorySpec.swift */,
				89A5A1DC1B5E170B00FC3FE3 /* Mocks/Fakes */,
				89A5A1CA1B5E165E00FC3FE3 /* Info.plist */,
			);
			path = ApartKitTests;
			sourceTree = "<group>";
		};
		89A5A1DC1B5E170B00FC3FE3 /* Mocks/Fakes */ = {
			isa = PBXGroup;
			children = (
				89A5A1DA1B5E16D800FC3FE3 /* FakeURLSession.swift */,
				892151FD1B8E59EF00CBF7E4 /* FakeOperationQueue.swift */,
				89B1C7111BBB16CC00BF0870 /* FakeHomeAssistantService.swift */,
			);
			name = Mocks/Fakes;
			sourceTree = "<group>";
		};
		89A5A1EB1B5E9BD400FC3FE3 /* WatchApp */ = {
			isa = PBXGroup;
			children = (
				89A5A1EC1B5E9BD400FC3FE3 /* Interface.storyboard */,
				89A5A1EF1B5E9BD400FC3FE3 /* Assets.xcassets */,
				89A5A1F11B5E9BD400FC3FE3 /* Info.plist */,
			);
			path = WatchApp;
			sourceTree = "<group>";
		};
		89A5A1FA1B5E9BD500FC3FE3 /* WatchApp Extension */ = {
			isa = PBXGroup;
			children = (
				89A5A1FB1B5E9BD500FC3FE3 /* InterfaceController.swift */,
				89A5A1FD1B5E9BD500FC3FE3 /* ExtensionDelegate.swift */,
				89A5A1FF1B5E9BD500FC3FE3 /* GlanceController.swift */,
				89A5A2011B5E9BD500FC3FE3 /* ComplicationController.swift */,
				89A5A2031B5E9BD500FC3FE3 /* Assets.xcassets */,
				89A5A2051B5E9BD500FC3FE3 /* Info.plist */,
			);
			path = "WatchApp Extension";
			sourceTree = "<group>";
		};
		89A5A21C1B5EE08200FC3FE3 /* ApartWatchKit */ = {
			isa = PBXGroup;
			children = (
				89A5A21D1B5EE08200FC3FE3 /* ApartWatchKit.h */,
				AE8595621C62B4AC00706602 /* ApartWatchKitModule.swift */,
				89A5A21F1B5EE08200FC3FE3 /* Info.plist */,
			);
			path = ApartWatchKit;
			sourceTree = "<group>";
		};
		89E008811AD8E4BC001A54D5 /* Views */ = {
			isa = PBXGroup;
			children = (
				89E0087E1AD7902E001A54D5 /* ColorPicker.swift */,
			);
			name = Views;
			sourceTree = "<group>";
		};
		89E008841AD975A6001A54D5 /* Views */ = {
			isa = PBXGroup;
			children = (
				89E008821AD975A3001A54D5 /* ColorPickerSpec.swift */,
			);
			name = Views;
			sourceTree = "<group>";
		};
/* End PBXGroup section */

/* Begin PBXHeadersBuildPhase section */
		89A5A1B51B5E165E00FC3FE3 /* Headers */ = {
			isa = PBXHeadersBuildPhase;
			buildActionMask = 2147483647;
			files = (
				89A5A1BB1B5E165E00FC3FE3 /* ApartKit.h in Headers */,
			);
			runOnlyForDeploymentPostprocessing = 0;
		};
		89A5A2181B5EE08200FC3FE3 /* Headers */ = {
			isa = PBXHeadersBuildPhase;
			buildActionMask = 2147483647;
			files = (
				89A5A21E1B5EE08200FC3FE3 /* ApartWatchKit.h in Headers */,
			);
			runOnlyForDeploymentPostprocessing = 0;
		};
/* End PBXHeadersBuildPhase section */

/* Begin PBXNativeTarget section */
		895634DC1ACA5DA200CA60E9 /* Apartment */ = {
			isa = PBXNativeTarget;
			buildConfigurationList = 895634FC1ACA5DA300CA60E9 /* Build configuration list for PBXNativeTarget "Apartment" */;
			buildPhases = (
				895634D91ACA5DA200CA60E9 /* Sources */,
				895634DA1ACA5DA200CA60E9 /* Frameworks */,
				895634DB1ACA5DA200CA60E9 /* Resources */,
				895635061ACA60C800CA60E9 /* Copy Frameworks */,
				89A5A2101B5E9BD500FC3FE3 /* Embed Watch Content */,
			);
			buildRules = (
			);
			dependencies = (
				89A5A1CC1B5E165E00FC3FE3 /* PBXTargetDependency */,
				89A5A2071B5E9BD500FC3FE3 /* PBXTargetDependency */,
			);
			name = Apartment;
			productName = Apartment;
			productReference = 895634DD1ACA5DA200CA60E9 /* Apartment.app */;
			productType = "com.apple.product-type.application";
		};
		895634F11ACA5DA300CA60E9 /* ApartmentTests */ = {
			isa = PBXNativeTarget;
			buildConfigurationList = 895634FF1ACA5DA300CA60E9 /* Build configuration list for PBXNativeTarget "ApartmentTests" */;
			buildPhases = (
				895634EE1ACA5DA300CA60E9 /* Sources */,
				895634EF1ACA5DA300CA60E9 /* Frameworks */,
				895634F01ACA5DA300CA60E9 /* Resources */,
				8956350D1ACA60ED00CA60E9 /* Copy Frameworks */,
			);
			buildRules = (
			);
			dependencies = (
				895634F41ACA5DA300CA60E9 /* PBXTargetDependency */,
			);
			name = ApartmentTests;
			productName = ApartmentTests;
			productReference = 895634F21ACA5DA300CA60E9 /* ApartmentTests.xctest */;
			productType = "com.apple.product-type.bundle.unit-test";
		};
		89A5A1B71B5E165E00FC3FE3 /* ApartKit */ = {
			isa = PBXNativeTarget;
			buildConfigurationList = 89A5A1CF1B5E165E00FC3FE3 /* Build configuration list for PBXNativeTarget "ApartKit" */;
			buildPhases = (
				89A5A1B31B5E165E00FC3FE3 /* Sources */,
				89A5A1B41B5E165E00FC3FE3 /* Frameworks */,
				89A5A1B51B5E165E00FC3FE3 /* Headers */,
				89A5A1B61B5E165E00FC3FE3 /* Resources */,
			);
			buildRules = (
			);
			dependencies = (
			);
			name = ApartKit;
			productName = ApartKit;
			productReference = 89A5A1B81B5E165E00FC3FE3 /* ApartKit.framework */;
			productType = "com.apple.product-type.framework";
		};
		89A5A1C01B5E165E00FC3FE3 /* ApartKitTests */ = {
			isa = PBXNativeTarget;
			buildConfigurationList = 89A5A1D21B5E165E00FC3FE3 /* Build configuration list for PBXNativeTarget "ApartKitTests" */;
			buildPhases = (
				89A5A1BD1B5E165E00FC3FE3 /* Sources */,
				89A5A1BE1B5E165E00FC3FE3 /* Frameworks */,
				89A5A1BF1B5E165E00FC3FE3 /* Resources */,
				89A5A1D51B5E168800FC3FE3 /* Embed Frameworks */,
			);
			buildRules = (
			);
			dependencies = (
				89A5A1C41B5E165E00FC3FE3 /* PBXTargetDependency */,
			);
			name = ApartKitTests;
			productName = ApartKitTests;
			productReference = 89A5A1C11B5E165E00FC3FE3 /* ApartKitTests.xctest */;
			productType = "com.apple.product-type.bundle.unit-test";
		};
		89A5A1E91B5E9BD400FC3FE3 /* WatchApp */ = {
			isa = PBXNativeTarget;
			buildConfigurationList = 89A5A20D1B5E9BD500FC3FE3 /* Build configuration list for PBXNativeTarget "WatchApp" */;
			buildPhases = (
				89A5A1E81B5E9BD400FC3FE3 /* Resources */,
				89A5A20C1B5E9BD500FC3FE3 /* Embed App Extensions */,
			);
			buildRules = (
			);
			dependencies = (
				89A5A1F91B5E9BD500FC3FE3 /* PBXTargetDependency */,
			);
			name = WatchApp;
			productName = WatchApp;
			productReference = 89A5A1EA1B5E9BD400FC3FE3 /* WatchApp.app */;
			productType = "com.apple.product-type.application.watchapp2";
		};
		89A5A1F51B5E9BD500FC3FE3 /* WatchApp Extension */ = {
			isa = PBXNativeTarget;
			buildConfigurationList = 89A5A2091B5E9BD500FC3FE3 /* Build configuration list for PBXNativeTarget "WatchApp Extension" */;
			buildPhases = (
				89A5A1F21B5E9BD500FC3FE3 /* Sources */,
				89A5A1F31B5E9BD500FC3FE3 /* Frameworks */,
				89A5A1F41B5E9BD500FC3FE3 /* Resources */,
				89A5A2141B5E9C1A00FC3FE3 /* Embed Frameworks */,
			);
			buildRules = (
			);
			dependencies = (
				89A5A2271B5EE0A300FC3FE3 /* PBXTargetDependency */,
			);
			name = "WatchApp Extension";
			productName = "WatchApp Extension";
			productReference = 89A5A1F61B5E9BD500FC3FE3 /* WatchApp Extension.appex */;
			productType = "com.apple.product-type.watchkit2-extension";
		};
		89A5A21A1B5EE08200FC3FE3 /* ApartWatchKit */ = {
			isa = PBXNativeTarget;
			buildConfigurationList = 89A5A2201B5EE08200FC3FE3 /* Build configuration list for PBXNativeTarget "ApartWatchKit" */;
			buildPhases = (
				89A5A2161B5EE08200FC3FE3 /* Sources */,
				89A5A2171B5EE08200FC3FE3 /* Frameworks */,
				89A5A2181B5EE08200FC3FE3 /* Headers */,
				89A5A2191B5EE08200FC3FE3 /* Resources */,
			);
			buildRules = (
			);
			dependencies = (
			);
			name = ApartWatchKit;
			productName = ApartWatchKit;
			productReference = 89A5A21B1B5EE08200FC3FE3 /* ApartWatchKit.framework */;
			productType = "com.apple.product-type.framework";
		};
/* End PBXNativeTarget section */

/* Begin PBXProject section */
		895634D51ACA5DA100CA60E9 /* Project object */ = {
			isa = PBXProject;
			attributes = {
				LastSwiftMigration = 0700;
				LastSwiftUpdateCheck = 0700;
				LastUpgradeCheck = 0700;
				ORGANIZATIONNAME = "Rachel Brindle";
				TargetAttributes = {
					895634DC1ACA5DA200CA60E9 = {
						CreatedOnToolsVersion = 6.3;
					};
					895634F11ACA5DA300CA60E9 = {
						CreatedOnToolsVersion = 6.3;
						TestTargetID = 895634DC1ACA5DA200CA60E9;
					};
					89A5A1B71B5E165E00FC3FE3 = {
						CreatedOnToolsVersion = 7.0;
					};
					89A5A1C01B5E165E00FC3FE3 = {
						CreatedOnToolsVersion = 7.0;
					};
					89A5A1E91B5E9BD400FC3FE3 = {
						CreatedOnToolsVersion = 7.0;
					};
					89A5A1F51B5E9BD500FC3FE3 = {
						CreatedOnToolsVersion = 7.0;
					};
					89A5A21A1B5EE08200FC3FE3 = {
						CreatedOnToolsVersion = 7.0;
					};
				};
			};
			buildConfigurationList = 895634D81ACA5DA100CA60E9 /* Build configuration list for PBXProject "Apartment" */;
			compatibilityVersion = "Xcode 3.2";
			developmentRegion = English;
			hasScannedForEncodings = 0;
			knownRegions = (
				en,
				Base,
			);
			mainGroup = 895634D41ACA5DA100CA60E9;
			productRefGroup = 895634DE1ACA5DA200CA60E9 /* Products */;
			projectDirPath = "";
			projectRoot = "";
			targets = (
				895634DC1ACA5DA200CA60E9 /* Apartment */,
				895634F11ACA5DA300CA60E9 /* ApartmentTests */,
				89A5A1B71B5E165E00FC3FE3 /* ApartKit */,
				89A5A1C01B5E165E00FC3FE3 /* ApartKitTests */,
				89A5A1E91B5E9BD400FC3FE3 /* WatchApp */,
				89A5A1F51B5E9BD500FC3FE3 /* WatchApp Extension */,
				89A5A21A1B5EE08200FC3FE3 /* ApartWatchKit */,
			);
		};
/* End PBXProject section */

/* Begin PBXResourcesBuildPhase section */
		895634DB1ACA5DA200CA60E9 /* Resources */ = {
			isa = PBXResourcesBuildPhase;
			buildActionMask = 2147483647;
			files = (
				895634ED1ACA5DA300CA60E9 /* LaunchScreen.xib in Resources */,
				895634EA1ACA5DA300CA60E9 /* Images.xcassets in Resources */,
			);
			runOnlyForDeploymentPostprocessing = 0;
		};
		895634F01ACA5DA300CA60E9 /* Resources */ = {
			isa = PBXResourcesBuildPhase;
			buildActionMask = 2147483647;
			files = (
			);
			runOnlyForDeploymentPostprocessing = 0;
		};
		89A5A1B61B5E165E00FC3FE3 /* Resources */ = {
			isa = PBXResourcesBuildPhase;
			buildActionMask = 2147483647;
			files = (
			);
			runOnlyForDeploymentPostprocessing = 0;
		};
		89A5A1BF1B5E165E00FC3FE3 /* Resources */ = {
			isa = PBXResourcesBuildPhase;
			buildActionMask = 2147483647;
			files = (
			);
			runOnlyForDeploymentPostprocessing = 0;
		};
		89A5A1E81B5E9BD400FC3FE3 /* Resources */ = {
			isa = PBXResourcesBuildPhase;
			buildActionMask = 2147483647;
			files = (
				89A5A1F01B5E9BD400FC3FE3 /* Assets.xcassets in Resources */,
				89A5A1EE1B5E9BD400FC3FE3 /* Interface.storyboard in Resources */,
			);
			runOnlyForDeploymentPostprocessing = 0;
		};
		89A5A1F41B5E9BD500FC3FE3 /* Resources */ = {
			isa = PBXResourcesBuildPhase;
			buildActionMask = 2147483647;
			files = (
				89A5A2041B5E9BD500FC3FE3 /* Assets.xcassets in Resources */,
			);
			runOnlyForDeploymentPostprocessing = 0;
		};
		89A5A2191B5EE08200FC3FE3 /* Resources */ = {
			isa = PBXResourcesBuildPhase;
			buildActionMask = 2147483647;
			files = (
			);
			runOnlyForDeploymentPostprocessing = 0;
		};
/* End PBXResourcesBuildPhase section */

/* Begin PBXSourcesBuildPhase section */
		895634D91ACA5DA200CA60E9 /* Sources */ = {
			isa = PBXSourcesBuildPhase;
			buildActionMask = 2147483647;
			files = (
				895636191ACFA4F600CA60E9 /* HomeViewController.swift in Sources */,
				89B1C71C1BBC5CC700BF0870 /* SwitchTableViewCell.swift in Sources */,
				895634E31ACA5DA200CA60E9 /* AppDelegate.swift in Sources */,
				89E0087F1AD7902E001A54D5 /* ColorPicker.swift in Sources */,
			);
			runOnlyForDeploymentPostprocessing = 0;
		};
		895634EE1ACA5DA300CA60E9 /* Sources */ = {
			isa = PBXSourcesBuildPhase;
			buildActionMask = 2147483647;
			files = (
				AE2BC2B01C62861300524B6E /* FakeTouch.swift in Sources */,
				AE2BC2B11C62861600524B6E /* AppDelegateSpec.swift in Sources */,
				AE7BF75F1C628B4200B87382 /* FakeHomeRepository.swift in Sources */,
				AE2BC2B21C62861C00524B6E /* HomeViewControllerSpec.swift in Sources */,
				AE2BC2B31C62862100524B6E /* ColorPickerSpec.swift in Sources */,
			);
			runOnlyForDeploymentPostprocessing = 0;
		};
		89A5A1B31B5E165E00FC3FE3 /* Sources */ = {
			isa = PBXSourcesBuildPhase;
			buildActionMask = 2147483647;
			files = (
				89B1C70A1BBA04EB00BF0870 /* Event.swift in Sources */,
				AED985461C62AD1F00A20780 /* ApartKitModule.swift in Sources */,
				89B1C7021BB9CA3700BF0870 /* HomeAssistantService.swift in Sources */,
				89B1C70D1BBA0B5D00BF0870 /* Service.swift in Sources */,
				89B1C7171BBB38DC00BF0870 /* HomeAssistantRepository.swift in Sources */,
				89A5A1E11B5E18B500FC3FE3 /* UIColor+Apartment.swift in Sources */,
				89B1C7071BB9EB4100BF0870 /* State.swift in Sources */,
			);
			runOnlyForDeploymentPostprocessing = 0;
		};
		89A5A1BD1B5E165E00FC3FE3 /* Sources */ = {
			isa = PBXSourcesBuildPhase;
			buildActionMask = 2147483647;
			files = (
				89A5A1DB1B5E16D800FC3FE3 /* FakeURLSession.swift in Sources */,
				89A5A22F1B5F332A00FC3FE3 /* (null) in Sources */,
				AE7BF7601C62947F00B87382 /* HomeAssistantRepositorySpec.swift in Sources */,
				AE2BC2B41C62863400524B6E /* HomeAssistantServiceSpec.swift in Sources */,
				AE2BC2AD1C6285DE00524B6E /* FakeOperationQueue.swift in Sources */,
				AE2BC2AE1C62860F00524B6E /* FakeHomeAssistantService.swift in Sources */,
			);
			runOnlyForDeploymentPostprocessing = 0;
		};
		89A5A1F21B5E9BD500FC3FE3 /* Sources */ = {
			isa = PBXSourcesBuildPhase;
			buildActionMask = 2147483647;
			files = (
				89A5A1FE1B5E9BD500FC3FE3 /* ExtensionDelegate.swift in Sources */,
				89A5A2021B5E9BD500FC3FE3 /* ComplicationController.swift in Sources */,
				89A5A1FC1B5E9BD500FC3FE3 /* InterfaceController.swift in Sources */,
				89A5A2001B5E9BD500FC3FE3 /* GlanceController.swift in Sources */,
			);
			runOnlyForDeploymentPostprocessing = 0;
		};
		89A5A2161B5EE08200FC3FE3 /* Sources */ = {
			isa = PBXSourcesBuildPhase;
			buildActionMask = 2147483647;
			files = (
				89B1C70B1BBA04EB00BF0870 /* Event.swift in Sources */,
				AE8595631C62B4AC00706602 /* ApartWatchKitModule.swift in Sources */,
				89A5A2231B5EE09300FC3FE3 /* UIColor+Apartment.swift in Sources */,
				89B1C7031BB9CA3700BF0870 /* HomeAssistantService.swift in Sources */,
				89B1C7181BBB38DC00BF0870 /* HomeAssistantRepository.swift in Sources */,
				89B1C70E1BBA0B5D00BF0870 /* Service.swift in Sources */,
				89B1C7081BB9EB4100BF0870 /* State.swift in Sources */,
			);
			runOnlyForDeploymentPostprocessing = 0;
		};
/* End PBXSourcesBuildPhase section */

/* Begin PBXTargetDependency section */
		895634F41ACA5DA300CA60E9 /* PBXTargetDependency */ = {
			isa = PBXTargetDependency;
			target = 895634DC1ACA5DA200CA60E9 /* Apartment */;
			targetProxy = 895634F31ACA5DA300CA60E9 /* PBXContainerItemProxy */;
		};
		89A5A1C41B5E165E00FC3FE3 /* PBXTargetDependency */ = {
			isa = PBXTargetDependency;
			target = 89A5A1B71B5E165E00FC3FE3 /* ApartKit */;
			targetProxy = 89A5A1C31B5E165E00FC3FE3 /* PBXContainerItemProxy */;
		};
		89A5A1CC1B5E165E00FC3FE3 /* PBXTargetDependency */ = {
			isa = PBXTargetDependency;
			target = 89A5A1B71B5E165E00FC3FE3 /* ApartKit */;
			targetProxy = 89A5A1CB1B5E165E00FC3FE3 /* PBXContainerItemProxy */;
		};
		89A5A1F91B5E9BD500FC3FE3 /* PBXTargetDependency */ = {
			isa = PBXTargetDependency;
			target = 89A5A1F51B5E9BD500FC3FE3 /* WatchApp Extension */;
			targetProxy = 89A5A1F81B5E9BD500FC3FE3 /* PBXContainerItemProxy */;
		};
		89A5A2071B5E9BD500FC3FE3 /* PBXTargetDependency */ = {
			isa = PBXTargetDependency;
			target = 89A5A1E91B5E9BD400FC3FE3 /* WatchApp */;
			targetProxy = 89A5A2061B5E9BD500FC3FE3 /* PBXContainerItemProxy */;
		};
		89A5A2271B5EE0A300FC3FE3 /* PBXTargetDependency */ = {
			isa = PBXTargetDependency;
			target = 89A5A21A1B5EE08200FC3FE3 /* ApartWatchKit */;
			targetProxy = 89A5A2261B5EE0A300FC3FE3 /* PBXContainerItemProxy */;
		};
/* End PBXTargetDependency section */

/* Begin PBXVariantGroup section */
		895634EB1ACA5DA300CA60E9 /* LaunchScreen.xib */ = {
			isa = PBXVariantGroup;
			children = (
				895634EC1ACA5DA300CA60E9 /* Base */,
			);
			name = LaunchScreen.xib;
			sourceTree = "<group>";
		};
		89A5A1EC1B5E9BD400FC3FE3 /* Interface.storyboard */ = {
			isa = PBXVariantGroup;
			children = (
				89A5A1ED1B5E9BD400FC3FE3 /* Base */,
			);
			name = Interface.storyboard;
			sourceTree = "<group>";
		};
/* End PBXVariantGroup section */

/* Begin XCBuildConfiguration section */
		895634FA1ACA5DA300CA60E9 /* Debug */ = {
			isa = XCBuildConfiguration;
			buildSettings = {
				ALWAYS_SEARCH_USER_PATHS = NO;
				CLANG_CXX_LANGUAGE_STANDARD = "gnu++0x";
				CLANG_CXX_LIBRARY = "libc++";
				CLANG_ENABLE_MODULES = YES;
				CLANG_ENABLE_OBJC_ARC = YES;
				CLANG_WARN_BOOL_CONVERSION = YES;
				CLANG_WARN_CONSTANT_CONVERSION = YES;
				CLANG_WARN_DIRECT_OBJC_ISA_USAGE = YES_ERROR;
				CLANG_WARN_EMPTY_BODY = YES;
				CLANG_WARN_ENUM_CONVERSION = YES;
				CLANG_WARN_INT_CONVERSION = YES;
				CLANG_WARN_OBJC_ROOT_CLASS = YES_ERROR;
				CLANG_WARN_UNREACHABLE_CODE = YES;
				CLANG_WARN__DUPLICATE_METHOD_MATCH = YES;
				"CODE_SIGN_IDENTITY[sdk=iphoneos*]" = "iPhone Developer";
				COPY_PHASE_STRIP = NO;
				DEBUG_INFORMATION_FORMAT = "dwarf-with-dsym";
				ENABLE_STRICT_OBJC_MSGSEND = YES;
				ENABLE_TESTABILITY = YES;
				FRAMEWORK_SEARCH_PATHS = "$(PROJECT_DIR)/Carthage/Build/iOS";
				GCC_C_LANGUAGE_STANDARD = gnu99;
				GCC_DYNAMIC_NO_PIC = NO;
				GCC_NO_COMMON_BLOCKS = YES;
				GCC_OPTIMIZATION_LEVEL = 0;
				GCC_PREPROCESSOR_DEFINITIONS = (
					"DEBUG=1",
					"$(inherited)",
				);
				GCC_SYMBOLS_PRIVATE_EXTERN = NO;
				GCC_WARN_64_TO_32_BIT_CONVERSION = YES;
				GCC_WARN_ABOUT_RETURN_TYPE = YES_ERROR;
				GCC_WARN_UNDECLARED_SELECTOR = YES;
				GCC_WARN_UNINITIALIZED_AUTOS = YES_AGGRESSIVE;
				GCC_WARN_UNUSED_FUNCTION = YES;
				GCC_WARN_UNUSED_VARIABLE = YES;
				IPHONEOS_DEPLOYMENT_TARGET = 9.0;
				MTL_ENABLE_DEBUG_INFO = YES;
				ONLY_ACTIVE_ARCH = YES;
				SDKROOT = iphoneos;
				SWIFT_OPTIMIZATION_LEVEL = "-Onone";
				TARGETED_DEVICE_FAMILY = "1,2";
			};
			name = Debug;
		};
		895634FB1ACA5DA300CA60E9 /* Release */ = {
			isa = XCBuildConfiguration;
			buildSettings = {
				ALWAYS_SEARCH_USER_PATHS = NO;
				CLANG_CXX_LANGUAGE_STANDARD = "gnu++0x";
				CLANG_CXX_LIBRARY = "libc++";
				CLANG_ENABLE_MODULES = YES;
				CLANG_ENABLE_OBJC_ARC = YES;
				CLANG_WARN_BOOL_CONVERSION = YES;
				CLANG_WARN_CONSTANT_CONVERSION = YES;
				CLANG_WARN_DIRECT_OBJC_ISA_USAGE = YES_ERROR;
				CLANG_WARN_EMPTY_BODY = YES;
				CLANG_WARN_ENUM_CONVERSION = YES;
				CLANG_WARN_INT_CONVERSION = YES;
				CLANG_WARN_OBJC_ROOT_CLASS = YES_ERROR;
				CLANG_WARN_UNREACHABLE_CODE = YES;
				CLANG_WARN__DUPLICATE_METHOD_MATCH = YES;
				"CODE_SIGN_IDENTITY[sdk=iphoneos*]" = "iPhone Developer";
				COPY_PHASE_STRIP = NO;
				DEBUG_INFORMATION_FORMAT = "dwarf-with-dsym";
				ENABLE_NS_ASSERTIONS = NO;
				ENABLE_STRICT_OBJC_MSGSEND = YES;
				FRAMEWORK_SEARCH_PATHS = "$(PROJECT_DIR)/Carthage/Build/iOS";
				GCC_C_LANGUAGE_STANDARD = gnu99;
				GCC_NO_COMMON_BLOCKS = YES;
				GCC_WARN_64_TO_32_BIT_CONVERSION = YES;
				GCC_WARN_ABOUT_RETURN_TYPE = YES_ERROR;
				GCC_WARN_UNDECLARED_SELECTOR = YES;
				GCC_WARN_UNINITIALIZED_AUTOS = YES_AGGRESSIVE;
				GCC_WARN_UNUSED_FUNCTION = YES;
				GCC_WARN_UNUSED_VARIABLE = YES;
				IPHONEOS_DEPLOYMENT_TARGET = 9.0;
				MTL_ENABLE_DEBUG_INFO = NO;
				SDKROOT = iphoneos;
				TARGETED_DEVICE_FAMILY = "1,2";
				VALIDATE_PRODUCT = YES;
			};
			name = Release;
		};
		895634FD1ACA5DA300CA60E9 /* Debug */ = {
			isa = XCBuildConfiguration;
			buildSettings = {
				ASSETCATALOG_COMPILER_APPICON_NAME = AppIcon;
				CLANG_ENABLE_MODULES = YES;
				EMBEDDED_CONTENT_CONTAINS_SWIFT = YES;
				FRAMEWORK_SEARCH_PATHS = (
					"$(inherited)",
					"$(PROJECT_DIR)/Carthage/Build/iOS",
				);
				INFOPLIST_FILE = Apartment/Info.plist;
				LD_RUNPATH_SEARCH_PATHS = "$(inherited) @executable_path/Frameworks";
				PRODUCT_BUNDLE_IDENTIFIER = "com.rachelbrindle.$(PRODUCT_NAME:rfc1034identifier)";
				PRODUCT_NAME = "$(TARGET_NAME)";
				SWIFT_OBJC_BRIDGING_HEADER = "";
				SWIFT_OPTIMIZATION_LEVEL = "-Onone";
			};
			name = Debug;
		};
		895634FE1ACA5DA300CA60E9 /* Release */ = {
			isa = XCBuildConfiguration;
			buildSettings = {
				ASSETCATALOG_COMPILER_APPICON_NAME = AppIcon;
				CLANG_ENABLE_MODULES = YES;
				EMBEDDED_CONTENT_CONTAINS_SWIFT = YES;
				FRAMEWORK_SEARCH_PATHS = (
					"$(inherited)",
					"$(PROJECT_DIR)/Carthage/Build/iOS",
				);
				INFOPLIST_FILE = Apartment/Info.plist;
				LD_RUNPATH_SEARCH_PATHS = "$(inherited) @executable_path/Frameworks";
				PRODUCT_BUNDLE_IDENTIFIER = "com.rachelbrindle.$(PRODUCT_NAME:rfc1034identifier)";
				PRODUCT_NAME = "$(TARGET_NAME)";
				SWIFT_OBJC_BRIDGING_HEADER = "";
			};
			name = Release;
		};
		895635001ACA5DA300CA60E9 /* Debug */ = {
			isa = XCBuildConfiguration;
			buildSettings = {
				BUNDLE_LOADER = "$(TEST_HOST)";
				CLANG_ENABLE_MODULES = YES;
				FRAMEWORK_SEARCH_PATHS = (
					"$(SDKROOT)/Developer/Library/Frameworks",
					"$(inherited)",
					"$(PROJECT_DIR)/Carthage/Build/iOS",
					"$(PROJECT_DIR)/Vendor",
				);
				GCC_PREPROCESSOR_DEFINITIONS = (
					"DEBUG=1",
					"$(inherited)",
				);
				INFOPLIST_FILE = ApartmentTests/Info.plist;
				LD_RUNPATH_SEARCH_PATHS = "$(inherited) @executable_path/Frameworks @loader_path/Frameworks";
				OTHER_LDFLAGS = "-all_load";
				PRODUCT_BUNDLE_IDENTIFIER = "com.rachelbrindle.$(PRODUCT_NAME:rfc1034identifier)";
				PRODUCT_NAME = "$(TARGET_NAME)";
				SWIFT_OBJC_BRIDGING_HEADER = "ApartmentTests/ApartmentTests-Bridging-Header.h";
				SWIFT_OPTIMIZATION_LEVEL = "-Onone";
				TEST_HOST = "$(BUILT_PRODUCTS_DIR)/Apartment.app/Apartment";
			};
			name = Debug;
		};
		895635011ACA5DA300CA60E9 /* Release */ = {
			isa = XCBuildConfiguration;
			buildSettings = {
				BUNDLE_LOADER = "$(TEST_HOST)";
				CLANG_ENABLE_MODULES = YES;
				FRAMEWORK_SEARCH_PATHS = (
					"$(SDKROOT)/Developer/Library/Frameworks",
					"$(inherited)",
					"$(PROJECT_DIR)/Carthage/Build/iOS",
					"$(PROJECT_DIR)/Vendor",
				);
				INFOPLIST_FILE = ApartmentTests/Info.plist;
				LD_RUNPATH_SEARCH_PATHS = "$(inherited) @executable_path/Frameworks @loader_path/Frameworks";
				OTHER_LDFLAGS = "-all_load";
				PRODUCT_BUNDLE_IDENTIFIER = "com.rachelbrindle.$(PRODUCT_NAME:rfc1034identifier)";
				PRODUCT_NAME = "$(TARGET_NAME)";
				SWIFT_OBJC_BRIDGING_HEADER = "ApartmentTests/ApartmentTests-Bridging-Header.h";
				TEST_HOST = "$(BUILT_PRODUCTS_DIR)/Apartment.app/Apartment";
			};
			name = Release;
		};
		89A5A1D01B5E165E00FC3FE3 /* Debug */ = {
			isa = XCBuildConfiguration;
			buildSettings = {
				APPLICATION_EXTENSION_API_ONLY = YES;
				CURRENT_PROJECT_VERSION = 1;
				DEBUG_INFORMATION_FORMAT = dwarf;
				DEFINES_MODULE = YES;
				DYLIB_COMPATIBILITY_VERSION = 1;
				DYLIB_CURRENT_VERSION = 1;
				DYLIB_INSTALL_NAME_BASE = "@rpath";
				ENABLE_TESTABILITY = YES;
				FRAMEWORK_SEARCH_PATHS = (
					"$(inherited)",
					"$(PROJECT_DIR)/Carthage/Build/iOS",
				);
				INFOPLIST_FILE = ApartKit/Info.plist;
				INSTALL_PATH = "$(LOCAL_LIBRARY_DIR)/Frameworks";
				IPHONEOS_DEPLOYMENT_TARGET = 9.0;
				LD_RUNPATH_SEARCH_PATHS = "$(inherited) @executable_path/Frameworks @loader_path/Frameworks";
				PRODUCT_BUNDLE_IDENTIFIER = com.rachelbrindle.ApartKit;
				PRODUCT_NAME = "$(TARGET_NAME)";
				SKIP_INSTALL = YES;
				VERSIONING_SYSTEM = "apple-generic";
				VERSION_INFO_PREFIX = "";
				WATCHOS_DEPLOYMENT_TARGET = 2.0;
			};
			name = Debug;
		};
		89A5A1D11B5E165E00FC3FE3 /* Release */ = {
			isa = XCBuildConfiguration;
			buildSettings = {
				APPLICATION_EXTENSION_API_ONLY = YES;
				CURRENT_PROJECT_VERSION = 1;
				DEFINES_MODULE = YES;
				DYLIB_COMPATIBILITY_VERSION = 1;
				DYLIB_CURRENT_VERSION = 1;
				DYLIB_INSTALL_NAME_BASE = "@rpath";
				FRAMEWORK_SEARCH_PATHS = (
					"$(inherited)",
					"$(PROJECT_DIR)/Carthage/Build/iOS",
				);
				INFOPLIST_FILE = ApartKit/Info.plist;
				INSTALL_PATH = "$(LOCAL_LIBRARY_DIR)/Frameworks";
				IPHONEOS_DEPLOYMENT_TARGET = 9.0;
				LD_RUNPATH_SEARCH_PATHS = "$(inherited) @executable_path/Frameworks @loader_path/Frameworks";
				PRODUCT_BUNDLE_IDENTIFIER = com.rachelbrindle.ApartKit;
				PRODUCT_NAME = "$(TARGET_NAME)";
				SKIP_INSTALL = YES;
				VERSIONING_SYSTEM = "apple-generic";
				VERSION_INFO_PREFIX = "";
				WATCHOS_DEPLOYMENT_TARGET = 2.0;
			};
			name = Release;
		};
		89A5A1D31B5E165E00FC3FE3 /* Debug */ = {
			isa = XCBuildConfiguration;
			buildSettings = {
				CLANG_ENABLE_MODULES = YES;
				DEBUG_INFORMATION_FORMAT = dwarf;
				ENABLE_TESTABILITY = YES;
				INFOPLIST_FILE = ApartKitTests/Info.plist;
				LD_RUNPATH_SEARCH_PATHS = "$(inherited) @executable_path/Frameworks @loader_path/Frameworks";
				PRODUCT_BUNDLE_IDENTIFIER = com.rachelbrindle.ApartKitTests;
				PRODUCT_NAME = "$(TARGET_NAME)";
				SWIFT_OPTIMIZATION_LEVEL = "-Onone";
				WATCHOS_DEPLOYMENT_TARGET = 2.0;
			};
			name = Debug;
		};
		89A5A1D41B5E165E00FC3FE3 /* Release */ = {
			isa = XCBuildConfiguration;
			buildSettings = {
				CLANG_ENABLE_MODULES = YES;
				INFOPLIST_FILE = ApartKitTests/Info.plist;
				LD_RUNPATH_SEARCH_PATHS = "$(inherited) @executable_path/Frameworks @loader_path/Frameworks";
				PRODUCT_BUNDLE_IDENTIFIER = com.rachelbrindle.ApartKitTests;
				PRODUCT_NAME = "$(TARGET_NAME)";
				WATCHOS_DEPLOYMENT_TARGET = 2.0;
			};
			name = Release;
		};
		89A5A20A1B5E9BD500FC3FE3 /* Debug */ = {
			isa = XCBuildConfiguration;
			buildSettings = {
				ASSETCATALOG_COMPILER_COMPLICATION_NAME = Complication;
				DEBUG_INFORMATION_FORMAT = dwarf;
				FRAMEWORK_SEARCH_PATHS = (
					"$(inherited)",
					"$(PROJECT_DIR)/Carthage/Build/watchOS",
				);
				INFOPLIST_FILE = "WatchApp Extension/Info.plist";
				LD_RUNPATH_SEARCH_PATHS = "$(inherited) @executable_path/Frameworks @executable_path/../../Frameworks";
				PRODUCT_BUNDLE_IDENTIFIER = com.rachelbrindle.Apartment.watchkitapp.watchkitextension;
				PRODUCT_NAME = "${TARGET_NAME}";
				SDKROOT = watchos;
				SKIP_INSTALL = YES;
				TARGETED_DEVICE_FAMILY = 4;
				WATCHOS_DEPLOYMENT_TARGET = 2.0;
			};
			name = Debug;
		};
		89A5A20B1B5E9BD500FC3FE3 /* Release */ = {
			isa = XCBuildConfiguration;
			buildSettings = {
				ASSETCATALOG_COMPILER_COMPLICATION_NAME = Complication;
				FRAMEWORK_SEARCH_PATHS = (
					"$(inherited)",
					"$(PROJECT_DIR)/Carthage/Build/watchOS",
				);
				INFOPLIST_FILE = "WatchApp Extension/Info.plist";
				LD_RUNPATH_SEARCH_PATHS = "$(inherited) @executable_path/Frameworks @executable_path/../../Frameworks";
				PRODUCT_BUNDLE_IDENTIFIER = com.rachelbrindle.Apartment.watchkitapp.watchkitextension;
				PRODUCT_NAME = "${TARGET_NAME}";
				SDKROOT = watchos;
				SKIP_INSTALL = YES;
				TARGETED_DEVICE_FAMILY = 4;
				WATCHOS_DEPLOYMENT_TARGET = 2.0;
			};
			name = Release;
		};
		89A5A20E1B5E9BD500FC3FE3 /* Debug */ = {
			isa = XCBuildConfiguration;
			buildSettings = {
				ASSETCATALOG_COMPILER_APPICON_NAME = AppIcon;
				DEBUG_INFORMATION_FORMAT = dwarf;
				EMBEDDED_CONTENT_CONTAINS_SWIFT = YES;
				IBSC_MODULE = WatchApp_Extension;
				INFOPLIST_FILE = WatchApp/Info.plist;
				PRODUCT_BUNDLE_IDENTIFIER = com.rachelbrindle.Apartment.watchkitapp;
				PRODUCT_NAME = "$(TARGET_NAME)";
				SDKROOT = watchos;
				SKIP_INSTALL = YES;
				TARGETED_DEVICE_FAMILY = 4;
				WATCHOS_DEPLOYMENT_TARGET = 2.0;
			};
			name = Debug;
		};
		89A5A20F1B5E9BD500FC3FE3 /* Release */ = {
			isa = XCBuildConfiguration;
			buildSettings = {
				ASSETCATALOG_COMPILER_APPICON_NAME = AppIcon;
				EMBEDDED_CONTENT_CONTAINS_SWIFT = YES;
				IBSC_MODULE = WatchApp_Extension;
				INFOPLIST_FILE = WatchApp/Info.plist;
				PRODUCT_BUNDLE_IDENTIFIER = com.rachelbrindle.Apartment.watchkitapp;
				PRODUCT_NAME = "$(TARGET_NAME)";
				SDKROOT = watchos;
				SKIP_INSTALL = YES;
				TARGETED_DEVICE_FAMILY = 4;
				WATCHOS_DEPLOYMENT_TARGET = 2.0;
			};
			name = Release;
		};
		89A5A2211B5EE08200FC3FE3 /* Debug */ = {
			isa = XCBuildConfiguration;
			buildSettings = {
				APPLICATION_EXTENSION_API_ONLY = YES;
				CURRENT_PROJECT_VERSION = 1;
				DEBUG_INFORMATION_FORMAT = dwarf;
				DEFINES_MODULE = YES;
				DYLIB_COMPATIBILITY_VERSION = 1;
				DYLIB_CURRENT_VERSION = 1;
				DYLIB_INSTALL_NAME_BASE = "@rpath";
				FRAMEWORK_SEARCH_PATHS = "$(PROJECT_DIR)/Carthage/Build/watchOS";
				INFOPLIST_FILE = ApartWatchKit/Info.plist;
				INSTALL_PATH = "$(LOCAL_LIBRARY_DIR)/Frameworks";
				LD_RUNPATH_SEARCH_PATHS = "$(inherited) @executable_path/Frameworks @loader_path/Frameworks";
				PRODUCT_BUNDLE_IDENTIFIER = com.rachelbrindle.ApartWatchKit;
				PRODUCT_NAME = "$(TARGET_NAME)";
				SDKROOT = watchos;
				SKIP_INSTALL = YES;
				TARGETED_DEVICE_FAMILY = 4;
				VERSIONING_SYSTEM = "apple-generic";
				VERSION_INFO_PREFIX = "";
				WATCHOS_DEPLOYMENT_TARGET = 2.0;
			};
			name = Debug;
		};
		89A5A2221B5EE08200FC3FE3 /* Release */ = {
			isa = XCBuildConfiguration;
			buildSettings = {
				APPLICATION_EXTENSION_API_ONLY = YES;
				CURRENT_PROJECT_VERSION = 1;
				DEFINES_MODULE = YES;
				DYLIB_COMPATIBILITY_VERSION = 1;
				DYLIB_CURRENT_VERSION = 1;
				DYLIB_INSTALL_NAME_BASE = "@rpath";
				FRAMEWORK_SEARCH_PATHS = "$(PROJECT_DIR)/Carthage/Build/watchOS";
				INFOPLIST_FILE = ApartWatchKit/Info.plist;
				INSTALL_PATH = "$(LOCAL_LIBRARY_DIR)/Frameworks";
				LD_RUNPATH_SEARCH_PATHS = "$(inherited) @executable_path/Frameworks @loader_path/Frameworks";
				PRODUCT_BUNDLE_IDENTIFIER = com.rachelbrindle.ApartWatchKit;
				PRODUCT_NAME = "$(TARGET_NAME)";
				SDKROOT = watchos;
				SKIP_INSTALL = YES;
				TARGETED_DEVICE_FAMILY = 4;
				VERSIONING_SYSTEM = "apple-generic";
				VERSION_INFO_PREFIX = "";
				WATCHOS_DEPLOYMENT_TARGET = 2.0;
			};
			name = Release;
		};
/* End XCBuildConfiguration section */

/* Begin XCConfigurationList section */
		895634D81ACA5DA100CA60E9 /* Build configuration list for PBXProject "Apartment" */ = {
			isa = XCConfigurationList;
			buildConfigurations = (
				895634FA1ACA5DA300CA60E9 /* Debug */,
				895634FB1ACA5DA300CA60E9 /* Release */,
			);
			defaultConfigurationIsVisible = 0;
			defaultConfigurationName = Release;
		};
		895634FC1ACA5DA300CA60E9 /* Build configuration list for PBXNativeTarget "Apartment" */ = {
			isa = XCConfigurationList;
			buildConfigurations = (
				895634FD1ACA5DA300CA60E9 /* Debug */,
				895634FE1ACA5DA300CA60E9 /* Release */,
			);
			defaultConfigurationIsVisible = 0;
			defaultConfigurationName = Release;
		};
		895634FF1ACA5DA300CA60E9 /* Build configuration list for PBXNativeTarget "ApartmentTests" */ = {
			isa = XCConfigurationList;
			buildConfigurations = (
				895635001ACA5DA300CA60E9 /* Debug */,
				895635011ACA5DA300CA60E9 /* Release */,
			);
			defaultConfigurationIsVisible = 0;
			defaultConfigurationName = Release;
		};
		89A5A1CF1B5E165E00FC3FE3 /* Build configuration list for PBXNativeTarget "ApartKit" */ = {
			isa = XCConfigurationList;
			buildConfigurations = (
				89A5A1D01B5E165E00FC3FE3 /* Debug */,
				89A5A1D11B5E165E00FC3FE3 /* Release */,
			);
			defaultConfigurationIsVisible = 0;
			defaultConfigurationName = Release;
		};
		89A5A1D21B5E165E00FC3FE3 /* Build configuration list for PBXNativeTarget "ApartKitTests" */ = {
			isa = XCConfigurationList;
			buildConfigurations = (
				89A5A1D31B5E165E00FC3FE3 /* Debug */,
				89A5A1D41B5E165E00FC3FE3 /* Release */,
			);
			defaultConfigurationIsVisible = 0;
			defaultConfigurationName = Release;
		};
		89A5A2091B5E9BD500FC3FE3 /* Build configuration list for PBXNativeTarget "WatchApp Extension" */ = {
			isa = XCConfigurationList;
			buildConfigurations = (
				89A5A20A1B5E9BD500FC3FE3 /* Debug */,
				89A5A20B1B5E9BD500FC3FE3 /* Release */,
			);
			defaultConfigurationIsVisible = 0;
			defaultConfigurationName = Release;
		};
		89A5A20D1B5E9BD500FC3FE3 /* Build configuration list for PBXNativeTarget "WatchApp" */ = {
			isa = XCConfigurationList;
			buildConfigurations = (
				89A5A20E1B5E9BD500FC3FE3 /* Debug */,
				89A5A20F1B5E9BD500FC3FE3 /* Release */,
			);
			defaultConfigurationIsVisible = 0;
			defaultConfigurationName = Release;
		};
		89A5A2201B5EE08200FC3FE3 /* Build configuration list for PBXNativeTarget "ApartWatchKit" */ = {
			isa = XCConfigurationList;
			buildConfigurations = (
				89A5A2211B5EE08200FC3FE3 /* Debug */,
				89A5A2221B5EE08200FC3FE3 /* Release */,
			);
			defaultConfigurationIsVisible = 0;
			defaultConfigurationName = Release;
		};
/* End XCConfigurationList section */
	};
	rootObject = 895634D51ACA5DA100CA60E9 /* Project object */;
}
