// !$*UTF8*$!
{
	archiveVersion = 1;
	classes = {
	};
	objectVersion = 46;
	objects = {

/* Begin PBXBuildFile section */
		895634E31ACA5DA200CA60E9 /* AppDelegate.swift in Sources */ = {isa = PBXBuildFile; fileRef = 895634E21ACA5DA200CA60E9 /* AppDelegate.swift */; };
		895634EA1ACA5DA300CA60E9 /* Images.xcassets in Resources */ = {isa = PBXBuildFile; fileRef = 895634E91ACA5DA300CA60E9 /* Images.xcassets */; };
		895634ED1ACA5DA300CA60E9 /* LaunchScreen.xib in Resources */ = {isa = PBXBuildFile; fileRef = 895634EB1ACA5DA300CA60E9 /* LaunchScreen.xib */; };
		8956350B1ACA60E100CA60E9 /* Nimble.framework in Frameworks */ = {isa = PBXBuildFile; fileRef = 895635091ACA60E100CA60E9 /* Nimble.framework */; };
		8956350C1ACA60E100CA60E9 /* Quick.framework in Frameworks */ = {isa = PBXBuildFile; fileRef = 8956350A1ACA60E100CA60E9 /* Quick.framework */; };
		8956350E1ACA60F900CA60E9 /* Nimble.framework in Copy Frameworks */ = {isa = PBXBuildFile; fileRef = 895635091ACA60E100CA60E9 /* Nimble.framework */; settings = {ATTRIBUTES = (CodeSignOnCopy, RemoveHeadersOnCopy, ); }; };
		8956350F1ACA60F900CA60E9 /* Quick.framework in Copy Frameworks */ = {isa = PBXBuildFile; fileRef = 8956350A1ACA60E100CA60E9 /* Quick.framework */; settings = {ATTRIBUTES = (CodeSignOnCopy, RemoveHeadersOnCopy, ); }; };
		895635111ACA627A00CA60E9 /* AppDelegateSpec.swift in Sources */ = {isa = PBXBuildFile; fileRef = 895635101ACA627A00CA60E9 /* AppDelegateSpec.swift */; };
		895635121ACA628900CA60E9 /* AppDelegate.swift in Sources */ = {isa = PBXBuildFile; fileRef = 895634E21ACA5DA200CA60E9 /* AppDelegate.swift */; };
		895635151ACA664100CA60E9 /* LightsService.swift in Sources */ = {isa = PBXBuildFile; fileRef = 895635141ACA664100CA60E9 /* LightsService.swift */; };
		895635161ACA664100CA60E9 /* LightsService.swift in Sources */ = {isa = PBXBuildFile; fileRef = 895635141ACA664100CA60E9 /* LightsService.swift */; };
		895635191ACA6EBA00CA60E9 /* Ra.framework in Frameworks */ = {isa = PBXBuildFile; fileRef = 895635181ACA6EBA00CA60E9 /* Ra.framework */; };
		8956351A1ACA6EC800CA60E9 /* Ra.framework in Copy Frameworks */ = {isa = PBXBuildFile; fileRef = 895635181ACA6EBA00CA60E9 /* Ra.framework */; settings = {ATTRIBUTES = (CodeSignOnCopy, RemoveHeadersOnCopy, ); }; };
		8956351D1ACA6EE800CA60E9 /* ApplicationModule.swift in Sources */ = {isa = PBXBuildFile; fileRef = 8956351C1ACA6EE800CA60E9 /* ApplicationModule.swift */; };
		8956351E1ACA6EE800CA60E9 /* ApplicationModule.swift in Sources */ = {isa = PBXBuildFile; fileRef = 8956351C1ACA6EE800CA60E9 /* ApplicationModule.swift */; };
		895635201ACA6FCA00CA60E9 /* SpecApplicationModule.swift in Sources */ = {isa = PBXBuildFile; fileRef = 8956351F1ACA6FCA00CA60E9 /* SpecApplicationModule.swift */; };
		895635231ACA701700CA60E9 /* LightsServiceSpec.swift in Sources */ = {isa = PBXBuildFile; fileRef = 895635221ACA701700CA60E9 /* LightsServiceSpec.swift */; };
		895635251ACB2FB100CA60E9 /* Alamofire.framework in Frameworks */ = {isa = PBXBuildFile; fileRef = 895635241ACB2FB100CA60E9 /* Alamofire.framework */; };
		895635261ACB2FB700CA60E9 /* Alamofire.framework in Copy Frameworks */ = {isa = PBXBuildFile; fileRef = 895635241ACB2FB100CA60E9 /* Alamofire.framework */; settings = {ATTRIBUTES = (CodeSignOnCopy, RemoveHeadersOnCopy, ); }; };
		895635281ACB34CE00CA60E9 /* Bulb.swift in Sources */ = {isa = PBXBuildFile; fileRef = 895635271ACB34CE00CA60E9 /* Bulb.swift */; };
		895635291ACB34CE00CA60E9 /* Bulb.swift in Sources */ = {isa = PBXBuildFile; fileRef = 895635271ACB34CE00CA60E9 /* Bulb.swift */; };
		8956352C1ACB391900CA60E9 /* BulbSpec.swift in Sources */ = {isa = PBXBuildFile; fileRef = 8956352B1ACB391900CA60E9 /* BulbSpec.swift */; };
		895635B91ACC8A8800CA60E9 /* MockHTTP.framework in Frameworks */ = {isa = PBXBuildFile; fileRef = 895635B81ACC8A8800CA60E9 /* MockHTTP.framework */; };
		895635BA1ACC8A9700CA60E9 /* MockHTTP.framework in Copy Frameworks */ = {isa = PBXBuildFile; fileRef = 895635B81ACC8A8800CA60E9 /* MockHTTP.framework */; settings = {ATTRIBUTES = (CodeSignOnCopy, RemoveHeadersOnCopy, ); }; };
		895636161ACFA02E00CA60E9 /* HomeViewControllerSpec.swift in Sources */ = {isa = PBXBuildFile; fileRef = 895636151ACFA02E00CA60E9 /* HomeViewControllerSpec.swift */; };
		895636191ACFA4F600CA60E9 /* HomeViewController.swift in Sources */ = {isa = PBXBuildFile; fileRef = 895636181ACFA4F600CA60E9 /* HomeViewController.swift */; };
		8956361A1ACFA4F600CA60E9 /* HomeViewController.swift in Sources */ = {isa = PBXBuildFile; fileRef = 895636181ACFA4F600CA60E9 /* HomeViewController.swift */; };
		8956361F1ACFB1B500CA60E9 /* MaterialKit.framework in Frameworks */ = {isa = PBXBuildFile; fileRef = 8956361E1ACFB1B500CA60E9 /* MaterialKit.framework */; };
		895636201ACFB1CB00CA60E9 /* MaterialKit.framework in Copy Frameworks */ = {isa = PBXBuildFile; fileRef = 8956361E1ACFB1B500CA60E9 /* MaterialKit.framework */; settings = {ATTRIBUTES = (CodeSignOnCopy, RemoveHeadersOnCopy, ); }; };
		895636261ACFBB7600CA60E9 /* Cartography.framework in Frameworks */ = {isa = PBXBuildFile; fileRef = 895636251ACFBB7600CA60E9 /* Cartography.framework */; };
		895636271ACFBB7E00CA60E9 /* Cartography.framework in Copy Frameworks */ = {isa = PBXBuildFile; fileRef = 895636251ACFBB7600CA60E9 /* Cartography.framework */; settings = {ATTRIBUTES = (CodeSignOnCopy, RemoveHeadersOnCopy, ); }; };
		895636291AD0ADDB00CA60E9 /* LightsCard.swift in Sources */ = {isa = PBXBuildFile; fileRef = 895636281AD0ADDB00CA60E9 /* LightsCard.swift */; };
		8956362A1AD0ADDB00CA60E9 /* LightsCard.swift in Sources */ = {isa = PBXBuildFile; fileRef = 895636281AD0ADDB00CA60E9 /* LightsCard.swift */; };
		8956362C1AD0B5D000CA60E9 /* UIColor+Apartment.swift in Sources */ = {isa = PBXBuildFile; fileRef = 8956362B1AD0B5D000CA60E9 /* UIColor+Apartment.swift */; };
		8956362D1AD0B5D000CA60E9 /* UIColor+Apartment.swift in Sources */ = {isa = PBXBuildFile; fileRef = 8956362B1AD0B5D000CA60E9 /* UIColor+Apartment.swift */; };
		8956362F1AD0C3CC00CA60E9 /* LightsCardSpec.swift in Sources */ = {isa = PBXBuildFile; fileRef = 8956362E1AD0C3CC00CA60E9 /* LightsCardSpec.swift */; };
		895636311AD0CD4700CA60E9 /* FakeLightsService.swift in Sources */ = {isa = PBXBuildFile; fileRef = 895636301AD0CD4700CA60E9 /* FakeLightsService.swift */; };
		895636331AD0FB8A00CA60E9 /* BulbViewController.swift in Sources */ = {isa = PBXBuildFile; fileRef = 895636321AD0FB8A00CA60E9 /* BulbViewController.swift */; };
		895636341AD0FB8A00CA60E9 /* BulbViewController.swift in Sources */ = {isa = PBXBuildFile; fileRef = 895636321AD0FB8A00CA60E9 /* BulbViewController.swift */; };
		895636381AD0FBB500CA60E9 /* BulbViewControllerSpec.swift in Sources */ = {isa = PBXBuildFile; fileRef = 895636371AD0FBB500CA60E9 /* BulbViewControllerSpec.swift */; };
		89E0087F1AD7902E001A54D5 /* ColorPicker.swift in Sources */ = {isa = PBXBuildFile; fileRef = 89E0087E1AD7902E001A54D5 /* ColorPicker.swift */; };
		89E008801AD7902E001A54D5 /* ColorPicker.swift in Sources */ = {isa = PBXBuildFile; fileRef = 89E0087E1AD7902E001A54D5 /* ColorPicker.swift */; };
/* End PBXBuildFile section */

/* Begin PBXContainerItemProxy section */
		895634F31ACA5DA300CA60E9 /* PBXContainerItemProxy */ = {
			isa = PBXContainerItemProxy;
			containerPortal = 895634D51ACA5DA100CA60E9 /* Project object */;
			proxyType = 1;
			remoteGlobalIDString = 895634DC1ACA5DA200CA60E9;
			remoteInfo = Apartment;
		};
/* End PBXContainerItemProxy section */

/* Begin PBXCopyFilesBuildPhase section */
		895635061ACA60C800CA60E9 /* Copy Frameworks */ = {
			isa = PBXCopyFilesBuildPhase;
			buildActionMask = 2147483647;
			dstPath = "";
			dstSubfolderSpec = 10;
			files = (
				895636271ACFBB7E00CA60E9 /* Cartography.framework in Copy Frameworks */,
				895636201ACFB1CB00CA60E9 /* MaterialKit.framework in Copy Frameworks */,
				895635261ACB2FB700CA60E9 /* Alamofire.framework in Copy Frameworks */,
				8956351A1ACA6EC800CA60E9 /* Ra.framework in Copy Frameworks */,
			);
			name = "Copy Frameworks";
			runOnlyForDeploymentPostprocessing = 0;
		};
		8956350D1ACA60ED00CA60E9 /* Copy Frameworks */ = {
			isa = PBXCopyFilesBuildPhase;
			buildActionMask = 2147483647;
			dstPath = "";
			dstSubfolderSpec = 10;
			files = (
				895635BA1ACC8A9700CA60E9 /* MockHTTP.framework in Copy Frameworks */,
				8956350E1ACA60F900CA60E9 /* Nimble.framework in Copy Frameworks */,
				8956350F1ACA60F900CA60E9 /* Quick.framework in Copy Frameworks */,
			);
			name = "Copy Frameworks";
			runOnlyForDeploymentPostprocessing = 0;
		};
/* End PBXCopyFilesBuildPhase section */

/* Begin PBXFileReference section */
		895634DD1ACA5DA200CA60E9 /* Apartment.app */ = {isa = PBXFileReference; explicitFileType = wrapper.application; includeInIndex = 0; path = Apartment.app; sourceTree = BUILT_PRODUCTS_DIR; };
		895634E11ACA5DA200CA60E9 /* Info.plist */ = {isa = PBXFileReference; lastKnownFileType = text.plist.xml; path = Info.plist; sourceTree = "<group>"; };
		895634E21ACA5DA200CA60E9 /* AppDelegate.swift */ = {isa = PBXFileReference; lastKnownFileType = sourcecode.swift; path = AppDelegate.swift; sourceTree = "<group>"; };
		895634E91ACA5DA300CA60E9 /* Images.xcassets */ = {isa = PBXFileReference; lastKnownFileType = folder.assetcatalog; path = Images.xcassets; sourceTree = "<group>"; };
		895634EC1ACA5DA300CA60E9 /* Base */ = {isa = PBXFileReference; lastKnownFileType = file.xib; name = Base; path = Base.lproj/LaunchScreen.xib; sourceTree = "<group>"; };
		895634F21ACA5DA300CA60E9 /* ApartmentTests.xctest */ = {isa = PBXFileReference; explicitFileType = wrapper.cfbundle; includeInIndex = 0; path = ApartmentTests.xctest; sourceTree = BUILT_PRODUCTS_DIR; };
		895634F71ACA5DA300CA60E9 /* Info.plist */ = {isa = PBXFileReference; lastKnownFileType = text.plist.xml; path = Info.plist; sourceTree = "<group>"; };
		895635091ACA60E100CA60E9 /* Nimble.framework */ = {isa = PBXFileReference; lastKnownFileType = wrapper.framework; name = Nimble.framework; path = Carthage/Build/iOS/Nimble.framework; sourceTree = SOURCE_ROOT; };
		8956350A1ACA60E100CA60E9 /* Quick.framework */ = {isa = PBXFileReference; lastKnownFileType = wrapper.framework; name = Quick.framework; path = Carthage/Build/iOS/Quick.framework; sourceTree = SOURCE_ROOT; };
		895635101ACA627A00CA60E9 /* AppDelegateSpec.swift */ = {isa = PBXFileReference; fileEncoding = 4; lastKnownFileType = sourcecode.swift; path = AppDelegateSpec.swift; sourceTree = "<group>"; };
		895635141ACA664100CA60E9 /* LightsService.swift */ = {isa = PBXFileReference; fileEncoding = 4; lastKnownFileType = sourcecode.swift; path = LightsService.swift; sourceTree = "<group>"; };
		895635181ACA6EBA00CA60E9 /* Ra.framework */ = {isa = PBXFileReference; lastKnownFileType = wrapper.framework; name = Ra.framework; path = Carthage/Build/iOS/Ra.framework; sourceTree = SOURCE_ROOT; };
		8956351C1ACA6EE800CA60E9 /* ApplicationModule.swift */ = {isa = PBXFileReference; fileEncoding = 4; lastKnownFileType = sourcecode.swift; path = ApplicationModule.swift; sourceTree = "<group>"; };
		8956351F1ACA6FCA00CA60E9 /* SpecApplicationModule.swift */ = {isa = PBXFileReference; fileEncoding = 4; lastKnownFileType = sourcecode.swift; path = SpecApplicationModule.swift; sourceTree = "<group>"; };
		895635221ACA701700CA60E9 /* LightsServiceSpec.swift */ = {isa = PBXFileReference; fileEncoding = 4; lastKnownFileType = sourcecode.swift; path = LightsServiceSpec.swift; sourceTree = "<group>"; };
		895635241ACB2FB100CA60E9 /* Alamofire.framework */ = {isa = PBXFileReference; lastKnownFileType = wrapper.framework; name = Alamofire.framework; path = Carthage/Build/iOS/Alamofire.framework; sourceTree = SOURCE_ROOT; };
		895635271ACB34CE00CA60E9 /* Bulb.swift */ = {isa = PBXFileReference; fileEncoding = 4; lastKnownFileType = sourcecode.swift; path = Bulb.swift; sourceTree = "<group>"; };
		8956352B1ACB391900CA60E9 /* BulbSpec.swift */ = {isa = PBXFileReference; fileEncoding = 4; lastKnownFileType = sourcecode.swift; path = BulbSpec.swift; sourceTree = "<group>"; };
		895635B81ACC8A8800CA60E9 /* MockHTTP.framework */ = {isa = PBXFileReference; lastKnownFileType = wrapper.framework; name = MockHTTP.framework; path = Carthage/Build/iOS/MockHTTP.framework; sourceTree = SOURCE_ROOT; };
		895636151ACFA02E00CA60E9 /* HomeViewControllerSpec.swift */ = {isa = PBXFileReference; fileEncoding = 4; lastKnownFileType = sourcecode.swift; path = HomeViewControllerSpec.swift; sourceTree = "<group>"; };
		895636181ACFA4F600CA60E9 /* HomeViewController.swift */ = {isa = PBXFileReference; fileEncoding = 4; lastKnownFileType = sourcecode.swift; path = HomeViewController.swift; sourceTree = "<group>"; };
		8956361E1ACFB1B500CA60E9 /* MaterialKit.framework */ = {isa = PBXFileReference; lastKnownFileType = wrapper.framework; name = MaterialKit.framework; path = Carthage/Build/iOS/MaterialKit.framework; sourceTree = SOURCE_ROOT; };
		895636251ACFBB7600CA60E9 /* Cartography.framework */ = {isa = PBXFileReference; lastKnownFileType = wrapper.framework; name = Cartography.framework; path = Carthage/Build/iOS/Cartography.framework; sourceTree = SOURCE_ROOT; };
		895636281AD0ADDB00CA60E9 /* LightsCard.swift */ = {isa = PBXFileReference; fileEncoding = 4; lastKnownFileType = sourcecode.swift; path = LightsCard.swift; sourceTree = "<group>"; };
		8956362B1AD0B5D000CA60E9 /* UIColor+Apartment.swift */ = {isa = PBXFileReference; fileEncoding = 4; lastKnownFileType = sourcecode.swift; path = "UIColor+Apartment.swift"; sourceTree = "<group>"; };
		8956362E1AD0C3CC00CA60E9 /* LightsCardSpec.swift */ = {isa = PBXFileReference; fileEncoding = 4; lastKnownFileType = sourcecode.swift; path = LightsCardSpec.swift; sourceTree = "<group>"; };
		895636301AD0CD4700CA60E9 /* FakeLightsService.swift */ = {isa = PBXFileReference; fileEncoding = 4; lastKnownFileType = sourcecode.swift; path = FakeLightsService.swift; sourceTree = "<group>"; };
		895636321AD0FB8A00CA60E9 /* BulbViewController.swift */ = {isa = PBXFileReference; fileEncoding = 4; lastKnownFileType = sourcecode.swift; path = BulbViewController.swift; sourceTree = "<group>"; };
		895636371AD0FBB500CA60E9 /* BulbViewControllerSpec.swift */ = {isa = PBXFileReference; fileEncoding = 4; lastKnownFileType = sourcecode.swift; path = BulbViewControllerSpec.swift; sourceTree = "<group>"; };
		89E0087E1AD7902E001A54D5 /* ColorPicker.swift */ = {isa = PBXFileReference; fileEncoding = 4; lastKnownFileType = sourcecode.swift; path = ColorPicker.swift; sourceTree = "<group>"; };
/* End PBXFileReference section */

/* Begin PBXFrameworksBuildPhase section */
		895634DA1ACA5DA200CA60E9 /* Frameworks */ = {
			isa = PBXFrameworksBuildPhase;
			buildActionMask = 2147483647;
			files = (
				8956361F1ACFB1B500CA60E9 /* MaterialKit.framework in Frameworks */,
				895636261ACFBB7600CA60E9 /* Cartography.framework in Frameworks */,
				895635251ACB2FB100CA60E9 /* Alamofire.framework in Frameworks */,
				895635191ACA6EBA00CA60E9 /* Ra.framework in Frameworks */,
			);
			runOnlyForDeploymentPostprocessing = 0;
		};
		895634EF1ACA5DA300CA60E9 /* Frameworks */ = {
			isa = PBXFrameworksBuildPhase;
			buildActionMask = 2147483647;
			files = (
				895635B91ACC8A8800CA60E9 /* MockHTTP.framework in Frameworks */,
				8956350C1ACA60E100CA60E9 /* Quick.framework in Frameworks */,
				8956350B1ACA60E100CA60E9 /* Nimble.framework in Frameworks */,
			);
			runOnlyForDeploymentPostprocessing = 0;
		};
/* End PBXFrameworksBuildPhase section */

/* Begin PBXGroup section */
		895634D41ACA5DA100CA60E9 = {
			isa = PBXGroup;
			children = (
				895634DF1ACA5DA200CA60E9 /* Apartment */,
				895634F51ACA5DA300CA60E9 /* ApartmentTests */,
				895634DE1ACA5DA200CA60E9 /* Products */,
			);
			sourceTree = "<group>";
		};
		895634DE1ACA5DA200CA60E9 /* Products */ = {
			isa = PBXGroup;
			children = (
				895634DD1ACA5DA200CA60E9 /* Apartment.app */,
				895634F21ACA5DA300CA60E9 /* ApartmentTests.xctest */,
			);
			name = Products;
			sourceTree = "<group>";
		};
		895634DF1ACA5DA200CA60E9 /* Apartment */ = {
			isa = PBXGroup;
			children = (
				895634E21ACA5DA200CA60E9 /* AppDelegate.swift */,
				8956351C1ACA6EE800CA60E9 /* ApplicationModule.swift */,
				8956362B1AD0B5D000CA60E9 /* UIColor+Apartment.swift */,
				89E0087E1AD7902E001A54D5 /* ColorPicker.swift */,
				8956351B1ACA6ED500CA60E9 /* Features */,
				895635211ACA700300CA60E9 /* Services */,
				895634E91ACA5DA300CA60E9 /* Images.xcassets */,
				895634EB1ACA5DA300CA60E9 /* LaunchScreen.xib */,
				895636251ACFBB7600CA60E9 /* Cartography.framework */,
				8956361E1ACFB1B500CA60E9 /* MaterialKit.framework */,
				895635181ACA6EBA00CA60E9 /* Ra.framework */,
				895635241ACB2FB100CA60E9 /* Alamofire.framework */,
				895634E01ACA5DA200CA60E9 /* Supporting Files */,
			);
			path = Apartment;
			sourceTree = "<group>";
		};
		895634E01ACA5DA200CA60E9 /* Supporting Files */ = {
			isa = PBXGroup;
			children = (
				895634E11ACA5DA200CA60E9 /* Info.plist */,
			);
			name = "Supporting Files";
			sourceTree = "<group>";
		};
		895634F51ACA5DA300CA60E9 /* ApartmentTests */ = {
			isa = PBXGroup;
			children = (
				8956351F1ACA6FCA00CA60E9 /* SpecApplicationModule.swift */,
				895635101ACA627A00CA60E9 /* AppDelegateSpec.swift */,
				895636301AD0CD4700CA60E9 /* FakeLightsService.swift */,
				895636171ACFA03600CA60E9 /* Features */,
				8956352D1ACB391D00CA60E9 /* Services */,
				895635B81ACC8A8800CA60E9 /* MockHTTP.framework */,
				895635091ACA60E100CA60E9 /* Nimble.framework */,
				8956350A1ACA60E100CA60E9 /* Quick.framework */,
				895634F61ACA5DA300CA60E9 /* Supporting Files */,
			);
			path = ApartmentTests;
			sourceTree = "<group>";
		};
		895634F61ACA5DA300CA60E9 /* Supporting Files */ = {
			isa = PBXGroup;
			children = (
				895634F71ACA5DA300CA60E9 /* Info.plist */,
			);
			name = "Supporting Files";
			sourceTree = "<group>";
		};
		8956351B1ACA6ED500CA60E9 /* Features */ = {
			isa = PBXGroup;
			children = (
				895636351AD0FB8F00CA60E9 /* Home Screen */,
				895636321AD0FB8A00CA60E9 /* BulbViewController.swift */,
			);
			name = Features;
			sourceTree = "<group>";
		};
		895635211ACA700300CA60E9 /* Services */ = {
			isa = PBXGroup;
			children = (
				8956352A1ACB34D500CA60E9 /* Models */,
				895635141ACA664100CA60E9 /* LightsService.swift */,
			);
			name = Services;
			sourceTree = "<group>";
		};
		8956352A1ACB34D500CA60E9 /* Models */ = {
			isa = PBXGroup;
			children = (
				895635271ACB34CE00CA60E9 /* Bulb.swift */,
			);
			name = Models;
			sourceTree = "<group>";
		};
		8956352D1ACB391D00CA60E9 /* Services */ = {
			isa = PBXGroup;
			children = (
				8956352E1ACB392200CA60E9 /* Models */,
				895635221ACA701700CA60E9 /* LightsServiceSpec.swift */,
			);
			name = Services;
			sourceTree = "<group>";
		};
		8956352E1ACB392200CA60E9 /* Models */ = {
			isa = PBXGroup;
			children = (
				8956352B1ACB391900CA60E9 /* BulbSpec.swift */,
			);
			name = Models;
			sourceTree = "<group>";
		};
		895636171ACFA03600CA60E9 /* Features */ = {
			isa = PBXGroup;
			children = (
				895636361AD0FBA300CA60E9 /* Home Screen */,
				895636371AD0FBB500CA60E9 /* BulbViewControllerSpec.swift */,
			);
			name = Features;
			sourceTree = "<group>";
		};
		895636351AD0FB8F00CA60E9 /* Home Screen */ = {
			isa = PBXGroup;
			children = (
				895636181ACFA4F600CA60E9 /* HomeViewController.swift */,
				895636281AD0ADDB00CA60E9 /* LightsCard.swift */,
			);
			name = "Home Screen";
			sourceTree = "<group>";
		};
		895636361AD0FBA300CA60E9 /* Home Screen */ = {
			isa = PBXGroup;
			children = (
				895636151ACFA02E00CA60E9 /* HomeViewControllerSpec.swift */,
				8956362E1AD0C3CC00CA60E9 /* LightsCardSpec.swift */,
			);
			name = "Home Screen";
			sourceTree = "<group>";
		};
/* End PBXGroup section */

/* Begin PBXNativeTarget section */
		895634DC1ACA5DA200CA60E9 /* Apartment */ = {
			isa = PBXNativeTarget;
			buildConfigurationList = 895634FC1ACA5DA300CA60E9 /* Build configuration list for PBXNativeTarget "Apartment" */;
			buildPhases = (
				895634D91ACA5DA200CA60E9 /* Sources */,
				895634DA1ACA5DA200CA60E9 /* Frameworks */,
				895634DB1ACA5DA200CA60E9 /* Resources */,
				895635061ACA60C800CA60E9 /* Copy Frameworks */,
			);
			buildRules = (
			);
			dependencies = (
			);
			name = Apartment;
			productName = Apartment;
			productReference = 895634DD1ACA5DA200CA60E9 /* Apartment.app */;
			productType = "com.apple.product-type.application";
		};
		895634F11ACA5DA300CA60E9 /* ApartmentTests */ = {
			isa = PBXNativeTarget;
			buildConfigurationList = 895634FF1ACA5DA300CA60E9 /* Build configuration list for PBXNativeTarget "ApartmentTests" */;
			buildPhases = (
				895634EE1ACA5DA300CA60E9 /* Sources */,
				895634EF1ACA5DA300CA60E9 /* Frameworks */,
				895634F01ACA5DA300CA60E9 /* Resources */,
				8956350D1ACA60ED00CA60E9 /* Copy Frameworks */,
			);
			buildRules = (
			);
			dependencies = (
				895634F41ACA5DA300CA60E9 /* PBXTargetDependency */,
			);
			name = ApartmentTests;
			productName = ApartmentTests;
			productReference = 895634F21ACA5DA300CA60E9 /* ApartmentTests.xctest */;
			productType = "com.apple.product-type.bundle.unit-test";
		};
/* End PBXNativeTarget section */

/* Begin PBXProject section */
		895634D51ACA5DA100CA60E9 /* Project object */ = {
			isa = PBXProject;
			attributes = {
				LastUpgradeCheck = 0630;
				ORGANIZATIONNAME = "Rachel Brindle";
				TargetAttributes = {
					895634DC1ACA5DA200CA60E9 = {
						CreatedOnToolsVersion = 6.3;
					};
					895634F11ACA5DA300CA60E9 = {
						CreatedOnToolsVersion = 6.3;
						TestTargetID = 895634DC1ACA5DA200CA60E9;
					};
				};
			};
			buildConfigurationList = 895634D81ACA5DA100CA60E9 /* Build configuration list for PBXProject "Apartment" */;
			compatibilityVersion = "Xcode 3.2";
			developmentRegion = English;
			hasScannedForEncodings = 0;
			knownRegions = (
				en,
				Base,
			);
			mainGroup = 895634D41ACA5DA100CA60E9;
			productRefGroup = 895634DE1ACA5DA200CA60E9 /* Products */;
			projectDirPath = "";
			projectRoot = "";
			targets = (
				895634DC1ACA5DA200CA60E9 /* Apartment */,
				895634F11ACA5DA300CA60E9 /* ApartmentTests */,
			);
		};
/* End PBXProject section */

/* Begin PBXResourcesBuildPhase section */
		895634DB1ACA5DA200CA60E9 /* Resources */ = {
			isa = PBXResourcesBuildPhase;
			buildActionMask = 2147483647;
			files = (
				895634ED1ACA5DA300CA60E9 /* LaunchScreen.xib in Resources */,
				895634EA1ACA5DA300CA60E9 /* Images.xcassets in Resources */,
			);
			runOnlyForDeploymentPostprocessing = 0;
		};
		895634F01ACA5DA300CA60E9 /* Resources */ = {
			isa = PBXResourcesBuildPhase;
			buildActionMask = 2147483647;
			files = (
			);
			runOnlyForDeploymentPostprocessing = 0;
		};
/* End PBXResourcesBuildPhase section */

/* Begin PBXSourcesBuildPhase section */
		895634D91ACA5DA200CA60E9 /* Sources */ = {
			isa = PBXSourcesBuildPhase;
			buildActionMask = 2147483647;
			files = (
				895636191ACFA4F600CA60E9 /* HomeViewController.swift in Sources */,
				895635281ACB34CE00CA60E9 /* Bulb.swift in Sources */,
				895636291AD0ADDB00CA60E9 /* LightsCard.swift in Sources */,
				8956351D1ACA6EE800CA60E9 /* ApplicationModule.swift in Sources */,
				895634E31ACA5DA200CA60E9 /* AppDelegate.swift in Sources */,
				89E0087F1AD7902E001A54D5 /* ColorPicker.swift in Sources */,
				895635151ACA664100CA60E9 /* LightsService.swift in Sources */,
				8956362C1AD0B5D000CA60E9 /* UIColor+Apartment.swift in Sources */,
				895636331AD0FB8A00CA60E9 /* BulbViewController.swift in Sources */,
			);
			runOnlyForDeploymentPostprocessing = 0;
		};
		895634EE1ACA5DA300CA60E9 /* Sources */ = {
			isa = PBXSourcesBuildPhase;
			buildActionMask = 2147483647;
			files = (
				8956351E1ACA6EE800CA60E9 /* ApplicationModule.swift in Sources */,
				895635201ACA6FCA00CA60E9 /* SpecApplicationModule.swift in Sources */,
				8956362D1AD0B5D000CA60E9 /* UIColor+Apartment.swift in Sources */,
				8956352C1ACB391900CA60E9 /* BulbSpec.swift in Sources */,
				895636341AD0FB8A00CA60E9 /* BulbViewController.swift in Sources */,
				8956362A1AD0ADDB00CA60E9 /* LightsCard.swift in Sources */,
				895636381AD0FBB500CA60E9 /* BulbViewControllerSpec.swift in Sources */,
				895635291ACB34CE00CA60E9 /* Bulb.swift in Sources */,
				895636161ACFA02E00CA60E9 /* HomeViewControllerSpec.swift in Sources */,
				8956361A1ACFA4F600CA60E9 /* HomeViewController.swift in Sources */,
				895635121ACA628900CA60E9 /* AppDelegate.swift in Sources */,
				895635161ACA664100CA60E9 /* LightsService.swift in Sources */,
				895635231ACA701700CA60E9 /* LightsServiceSpec.swift in Sources */,
				89E008801AD7902E001A54D5 /* ColorPicker.swift in Sources */,
				895636311AD0CD4700CA60E9 /* FakeLightsService.swift in Sources */,
				895635111ACA627A00CA60E9 /* AppDelegateSpec.swift in Sources */,
				8956362F1AD0C3CC00CA60E9 /* LightsCardSpec.swift in Sources */,
			);
			runOnlyForDeploymentPostprocessing = 0;
		};
/* End PBXSourcesBuildPhase section */

/* Begin PBXTargetDependency section */
		895634F41ACA5DA300CA60E9 /* PBXTargetDependency */ = {
			isa = PBXTargetDependency;
			target = 895634DC1ACA5DA200CA60E9 /* Apartment */;
			targetProxy = 895634F31ACA5DA300CA60E9 /* PBXContainerItemProxy */;
		};
/* End PBXTargetDependency section */

/* Begin PBXVariantGroup section */
		895634EB1ACA5DA300CA60E9 /* LaunchScreen.xib */ = {
			isa = PBXVariantGroup;
			children = (
				895634EC1ACA5DA300CA60E9 /* Base */,
			);
			name = LaunchScreen.xib;
			sourceTree = "<group>";
		};
/* End PBXVariantGroup section */

/* Begin XCBuildConfiguration section */
		895634FA1ACA5DA300CA60E9 /* Debug */ = {
			isa = XCBuildConfiguration;
			buildSettings = {
				ALWAYS_SEARCH_USER_PATHS = NO;
				CLANG_CXX_LANGUAGE_STANDARD = "gnu++0x";
				CLANG_CXX_LIBRARY = "libc++";
				CLANG_ENABLE_MODULES = YES;
				CLANG_ENABLE_OBJC_ARC = YES;
				CLANG_WARN_BOOL_CONVERSION = YES;
				CLANG_WARN_CONSTANT_CONVERSION = YES;
				CLANG_WARN_DIRECT_OBJC_ISA_USAGE = YES_ERROR;
				CLANG_WARN_EMPTY_BODY = YES;
				CLANG_WARN_ENUM_CONVERSION = YES;
				CLANG_WARN_INT_CONVERSION = YES;
				CLANG_WARN_OBJC_ROOT_CLASS = YES_ERROR;
				CLANG_WARN_UNREACHABLE_CODE = YES;
				CLANG_WARN__DUPLICATE_METHOD_MATCH = YES;
				"CODE_SIGN_IDENTITY[sdk=iphoneos*]" = "iPhone Developer";
				COPY_PHASE_STRIP = NO;
				DEBUG_INFORMATION_FORMAT = "dwarf-with-dsym";
				ENABLE_STRICT_OBJC_MSGSEND = YES;
				GCC_C_LANGUAGE_STANDARD = gnu99;
				GCC_DYNAMIC_NO_PIC = NO;
				GCC_NO_COMMON_BLOCKS = YES;
				GCC_OPTIMIZATION_LEVEL = 0;
				GCC_PREPROCESSOR_DEFINITIONS = (
					"DEBUG=1",
					"$(inherited)",
				);
				GCC_SYMBOLS_PRIVATE_EXTERN = NO;
				GCC_WARN_64_TO_32_BIT_CONVERSION = YES;
				GCC_WARN_ABOUT_RETURN_TYPE = YES_ERROR;
				GCC_WARN_UNDECLARED_SELECTOR = YES;
				GCC_WARN_UNINITIALIZED_AUTOS = YES_AGGRESSIVE;
				GCC_WARN_UNUSED_FUNCTION = YES;
				GCC_WARN_UNUSED_VARIABLE = YES;
				IPHONEOS_DEPLOYMENT_TARGET = 8.3;
				MTL_ENABLE_DEBUG_INFO = YES;
				ONLY_ACTIVE_ARCH = YES;
				SDKROOT = iphoneos;
				SWIFT_OPTIMIZATION_LEVEL = "-Onone";
				TARGETED_DEVICE_FAMILY = "1,2";
			};
			name = Debug;
		};
		895634FB1ACA5DA300CA60E9 /* Release */ = {
			isa = XCBuildConfiguration;
			buildSettings = {
				ALWAYS_SEARCH_USER_PATHS = NO;
				CLANG_CXX_LANGUAGE_STANDARD = "gnu++0x";
				CLANG_CXX_LIBRARY = "libc++";
				CLANG_ENABLE_MODULES = YES;
				CLANG_ENABLE_OBJC_ARC = YES;
				CLANG_WARN_BOOL_CONVERSION = YES;
				CLANG_WARN_CONSTANT_CONVERSION = YES;
				CLANG_WARN_DIRECT_OBJC_ISA_USAGE = YES_ERROR;
				CLANG_WARN_EMPTY_BODY = YES;
				CLANG_WARN_ENUM_CONVERSION = YES;
				CLANG_WARN_INT_CONVERSION = YES;
				CLANG_WARN_OBJC_ROOT_CLASS = YES_ERROR;
				CLANG_WARN_UNREACHABLE_CODE = YES;
				CLANG_WARN__DUPLICATE_METHOD_MATCH = YES;
				"CODE_SIGN_IDENTITY[sdk=iphoneos*]" = "iPhone Developer";
				COPY_PHASE_STRIP = NO;
				DEBUG_INFORMATION_FORMAT = "dwarf-with-dsym";
				ENABLE_NS_ASSERTIONS = NO;
				ENABLE_STRICT_OBJC_MSGSEND = YES;
				GCC_C_LANGUAGE_STANDARD = gnu99;
				GCC_NO_COMMON_BLOCKS = YES;
				GCC_WARN_64_TO_32_BIT_CONVERSION = YES;
				GCC_WARN_ABOUT_RETURN_TYPE = YES_ERROR;
				GCC_WARN_UNDECLARED_SELECTOR = YES;
				GCC_WARN_UNINITIALIZED_AUTOS = YES_AGGRESSIVE;
				GCC_WARN_UNUSED_FUNCTION = YES;
				GCC_WARN_UNUSED_VARIABLE = YES;
				IPHONEOS_DEPLOYMENT_TARGET = 8.3;
				MTL_ENABLE_DEBUG_INFO = NO;
				SDKROOT = iphoneos;
				TARGETED_DEVICE_FAMILY = "1,2";
				VALIDATE_PRODUCT = YES;
			};
			name = Release;
		};
		895634FD1ACA5DA300CA60E9 /* Debug */ = {
			isa = XCBuildConfiguration;
			buildSettings = {
				ASSETCATALOG_COMPILER_APPICON_NAME = AppIcon;
				CLANG_ENABLE_MODULES = YES;
				FRAMEWORK_SEARCH_PATHS = (
					"$(inherited)",
					"$(PROJECT_DIR)/Carthage/Build/iOS",
				);
				INFOPLIST_FILE = Apartment/Info.plist;
				LD_RUNPATH_SEARCH_PATHS = "$(inherited) @executable_path/Frameworks";
				PRODUCT_NAME = "$(TARGET_NAME)";
				SWIFT_OBJC_BRIDGING_HEADER = "";
				SWIFT_OPTIMIZATION_LEVEL = "-Onone";
			};
			name = Debug;
		};
		895634FE1ACA5DA300CA60E9 /* Release */ = {
			isa = XCBuildConfiguration;
			buildSettings = {
				ASSETCATALOG_COMPILER_APPICON_NAME = AppIcon;
				CLANG_ENABLE_MODULES = YES;
				FRAMEWORK_SEARCH_PATHS = (
					"$(inherited)",
					"$(PROJECT_DIR)/Carthage/Build/iOS",
				);
				INFOPLIST_FILE = Apartment/Info.plist;
				LD_RUNPATH_SEARCH_PATHS = "$(inherited) @executable_path/Frameworks";
				PRODUCT_NAME = "$(TARGET_NAME)";
				SWIFT_OBJC_BRIDGING_HEADER = "";
			};
			name = Release;
		};
		895635001ACA5DA300CA60E9 /* Debug */ = {
			isa = XCBuildConfiguration;
			buildSettings = {
				BUNDLE_LOADER = "$(TEST_HOST)";
				CLANG_ENABLE_MODULES = YES;
				FRAMEWORK_SEARCH_PATHS = (
					"$(SDKROOT)/Developer/Library/Frameworks",
					"$(inherited)",
					"$(PROJECT_DIR)/Carthage/Build/iOS",
				);
				GCC_PREPROCESSOR_DEFINITIONS = (
					"DEBUG=1",
					"$(inherited)",
				);
				INFOPLIST_FILE = ApartmentTests/Info.plist;
				LD_RUNPATH_SEARCH_PATHS = "$(inherited) @executable_path/Frameworks @loader_path/Frameworks";
				PRODUCT_NAME = "$(TARGET_NAME)";
				SWIFT_OPTIMIZATION_LEVEL = "-Onone";
				TEST_HOST = "$(BUILT_PRODUCTS_DIR)/Apartment.app/Apartment";
			};
			name = Debug;
		};
		895635011ACA5DA300CA60E9 /* Release */ = {
			isa = XCBuildConfiguration;
			buildSettings = {
				BUNDLE_LOADER = "$(TEST_HOST)";
				CLANG_ENABLE_MODULES = YES;
				FRAMEWORK_SEARCH_PATHS = (
					"$(SDKROOT)/Developer/Library/Frameworks",
					"$(inherited)",
					"$(PROJECT_DIR)/Carthage/Build/iOS",
				);
				INFOPLIST_FILE = ApartmentTests/Info.plist;
				LD_RUNPATH_SEARCH_PATHS = "$(inherited) @executable_path/Frameworks @loader_path/Frameworks";
				PRODUCT_NAME = "$(TARGET_NAME)";
				TEST_HOST = "$(BUILT_PRODUCTS_DIR)/Apartment.app/Apartment";
			};
			name = Release;
		};
/* End XCBuildConfiguration section */

/* Begin XCConfigurationList section */
		895634D81ACA5DA100CA60E9 /* Build configuration list for PBXProject "Apartment" */ = {
			isa = XCConfigurationList;
			buildConfigurations = (
				895634FA1ACA5DA300CA60E9 /* Debug */,
				895634FB1ACA5DA300CA60E9 /* Release */,
			);
			defaultConfigurationIsVisible = 0;
			defaultConfigurationName = Release;
		};
		895634FC1ACA5DA300CA60E9 /* Build configuration list for PBXNativeTarget "Apartment" */ = {
			isa = XCConfigurationList;
			buildConfigurations = (
				895634FD1ACA5DA300CA60E9 /* Debug */,
				895634FE1ACA5DA300CA60E9 /* Release */,
			);
			defaultConfigurationIsVisible = 0;
			defaultConfigurationName = Release;
		};
		895634FF1ACA5DA300CA60E9 /* Build configuration list for PBXNativeTarget "ApartmentTests" */ = {
			isa = XCConfigurationList;
			buildConfigurations = (
				895635001ACA5DA300CA60E9 /* Debug */,
				895635011ACA5DA300CA60E9 /* Release */,
			);
			defaultConfigurationIsVisible = 0;
			defaultConfigurationName = Release;
		};
/* End XCConfigurationList section */
	};
	rootObject = 895634D51ACA5DA100CA60E9 /* Project object */;
}
